// !$*UTF8*$!
{
	archiveVersion = 1;
	classes = {
	};
	objectVersion = 50;
	objects = {

/* Begin PBXBuildFile section */
		577318D416C43E7CDCFFD6FA /* Pods_TFG.framework in Frameworks */ = {isa = PBXBuildFile; fileRef = 4C630DE8CA7C4DA051B730B8 /* Pods_TFG.framework */; };
		7F06687F2239212B00705E62 /* AppDelegate.swift in Sources */ = {isa = PBXBuildFile; fileRef = 7F06687E2239212B00705E62 /* AppDelegate.swift */; };
		7F0668812239212B00705E62 /* ViewController.swift in Sources */ = {isa = PBXBuildFile; fileRef = 7F0668802239212B00705E62 /* ViewController.swift */; };
		7F0668842239212B00705E62 /* Main.storyboard in Resources */ = {isa = PBXBuildFile; fileRef = 7F0668822239212B00705E62 /* Main.storyboard */; };
		7F0668862239212C00705E62 /* Assets.xcassets in Resources */ = {isa = PBXBuildFile; fileRef = 7F0668852239212C00705E62 /* Assets.xcassets */; };
		7F0668892239212C00705E62 /* LaunchScreen.storyboard in Resources */ = {isa = PBXBuildFile; fileRef = 7F0668872239212C00705E62 /* LaunchScreen.storyboard */; };
		7F0668942239212C00705E62 /* TFGTests.swift in Sources */ = {isa = PBXBuildFile; fileRef = 7F0668932239212C00705E62 /* TFGTests.swift */; };
		7F06689F2239212C00705E62 /* TFGUITests.swift in Sources */ = {isa = PBXBuildFile; fileRef = 7F06689E2239212C00705E62 /* TFGUITests.swift */; };
		7F16DD872244D3F50070F0D3 /* NewUserViewController.swift in Sources */ = {isa = PBXBuildFile; fileRef = 7F16DD862244D3F50070F0D3 /* NewUserViewController.swift */; };
		7F16DD892244DA9B0070F0D3 /* Boton.jpg in Resources */ = {isa = PBXBuildFile; fileRef = 7F16DD882244DA980070F0D3 /* Boton.jpg */; };
		7F16DD8C2244F32D0070F0D3 /* Usuario.swift in Sources */ = {isa = PBXBuildFile; fileRef = 7F16DD8B2244F32D0070F0D3 /* Usuario.swift */; };
		7F16DD8F2244F8BC0070F0D3 /* Movimiento.swift in Sources */ = {isa = PBXBuildFile; fileRef = 7F16DD8E2244F8BC0070F0D3 /* Movimiento.swift */; };
		7F16DD9122450C800070F0D3 /* ConexionDB.swift in Sources */ = {isa = PBXBuildFile; fileRef = 7F16DD9022450C800070F0D3 /* ConexionDB.swift */; };
		7F6B299C2248C748007B15C5 /* hilos.swift in Sources */ = {isa = PBXBuildFile; fileRef = 7F6B299B2248C748007B15C5 /* hilos.swift */; };
		7F6DF5E62243E130007C196A /* Funciones.swift in Sources */ = {isa = PBXBuildFile; fileRef = 7F6DF5E52243E130007C196A /* Funciones.swift */; };
		7F6DF5EE2243EAED007C196A /* Fondo.jpg in Resources */ = {isa = PBXBuildFile; fileRef = 7F6DF5ED2243EAED007C196A /* Fondo.jpg */; };
		7FA2072C22414BB500AC966E /* ContenidoAdminViewController.swift in Sources */ = {isa = PBXBuildFile; fileRef = 7FA2072B22414BB500AC966E /* ContenidoAdminViewController.swift */; };
		7FA2072E22414C6200AC966E /* ContenidoViewController.swift in Sources */ = {isa = PBXBuildFile; fileRef = 7FA2072D22414C6200AC966E /* ContenidoViewController.swift */; };
		7FA207302241514400AC966E /* EliminarUsuarioViewController.swift in Sources */ = {isa = PBXBuildFile; fileRef = 7FA2072F2241514400AC966E /* EliminarUsuarioViewController.swift */; };
		7FA20734224151CA00AC966E /* VisualizarUsuariosTableViewController.swift in Sources */ = {isa = PBXBuildFile; fileRef = 7FA20733224151CA00AC966E /* VisualizarUsuariosTableViewController.swift */; };
		7FC695A32240061D00A4122B /* NewUserRegisViewController.swift in Sources */ = {isa = PBXBuildFile; fileRef = 7FC695A22240061D00A4122B /* NewUserRegisViewController.swift */; };
		7FC695A52241067A00A4122B /* GoogleService-Info.plist in Resources */ = {isa = PBXBuildFile; fileRef = 7FC695A42241067900A4122B /* GoogleService-Info.plist */; };
		BB746AF682804D2695AB7B2D /* Pods_TFGTests.framework in Frameworks */ = {isa = PBXBuildFile; fileRef = 2B5C7DEAB18B2565C1429CF3 /* Pods_TFGTests.framework */; };
		D77C3212CF94FCC83C591EFB /* Pods_TFGUITests.framework in Frameworks */ = {isa = PBXBuildFile; fileRef = 0DAD979F0743E2EC41FF2202 /* Pods_TFGUITests.framework */; };
/* End PBXBuildFile section */

/* Begin PBXContainerItemProxy section */
		7F0668902239212C00705E62 /* PBXContainerItemProxy */ = {
			isa = PBXContainerItemProxy;
			containerPortal = 7F0668732239212B00705E62 /* Project object */;
			proxyType = 1;
			remoteGlobalIDString = 7F06687A2239212B00705E62;
			remoteInfo = TFG;
		};
		7F06689B2239212C00705E62 /* PBXContainerItemProxy */ = {
			isa = PBXContainerItemProxy;
			containerPortal = 7F0668732239212B00705E62 /* Project object */;
			proxyType = 1;
			remoteGlobalIDString = 7F06687A2239212B00705E62;
			remoteInfo = TFG;
		};
/* End PBXContainerItemProxy section */

/* Begin PBXFileReference section */
		0500682F490508ED81018466 /* Pods-TFGTests.release.xcconfig */ = {isa = PBXFileReference; includeInIndex = 1; lastKnownFileType = text.xcconfig; name = "Pods-TFGTests.release.xcconfig"; path = "Pods/Target Support Files/Pods-TFGTests/Pods-TFGTests.release.xcconfig"; sourceTree = "<group>"; };
		0DAD979F0743E2EC41FF2202 /* Pods_TFGUITests.framework */ = {isa = PBXFileReference; explicitFileType = wrapper.framework; includeInIndex = 0; path = Pods_TFGUITests.framework; sourceTree = BUILT_PRODUCTS_DIR; };
		2AD64476C6464140B415A61B /* Pods-TFGUITests.debug.xcconfig */ = {isa = PBXFileReference; includeInIndex = 1; lastKnownFileType = text.xcconfig; name = "Pods-TFGUITests.debug.xcconfig"; path = "Pods/Target Support Files/Pods-TFGUITests/Pods-TFGUITests.debug.xcconfig"; sourceTree = "<group>"; };
		2B5C7DEAB18B2565C1429CF3 /* Pods_TFGTests.framework */ = {isa = PBXFileReference; explicitFileType = wrapper.framework; includeInIndex = 0; path = Pods_TFGTests.framework; sourceTree = BUILT_PRODUCTS_DIR; };
		4C630DE8CA7C4DA051B730B8 /* Pods_TFG.framework */ = {isa = PBXFileReference; explicitFileType = wrapper.framework; includeInIndex = 0; path = Pods_TFG.framework; sourceTree = BUILT_PRODUCTS_DIR; };
		648DD7163B13DC2A271CAC12 /* Pods-TFGUITests.release.xcconfig */ = {isa = PBXFileReference; includeInIndex = 1; lastKnownFileType = text.xcconfig; name = "Pods-TFGUITests.release.xcconfig"; path = "Pods/Target Support Files/Pods-TFGUITests/Pods-TFGUITests.release.xcconfig"; sourceTree = "<group>"; };
		6DF9D55A6B8F5C078DC772FB /* Pods-TFG.debug.xcconfig */ = {isa = PBXFileReference; includeInIndex = 1; lastKnownFileType = text.xcconfig; name = "Pods-TFG.debug.xcconfig"; path = "Pods/Target Support Files/Pods-TFG/Pods-TFG.debug.xcconfig"; sourceTree = "<group>"; };
		7D319BAADCE72D19081ACFD1 /* Pods-TFG.release.xcconfig */ = {isa = PBXFileReference; includeInIndex = 1; lastKnownFileType = text.xcconfig; name = "Pods-TFG.release.xcconfig"; path = "Pods/Target Support Files/Pods-TFG/Pods-TFG.release.xcconfig"; sourceTree = "<group>"; };
		7F06687B2239212B00705E62 /* TFG.app */ = {isa = PBXFileReference; explicitFileType = wrapper.application; includeInIndex = 0; path = TFG.app; sourceTree = BUILT_PRODUCTS_DIR; };
		7F06687E2239212B00705E62 /* AppDelegate.swift */ = {isa = PBXFileReference; lastKnownFileType = sourcecode.swift; path = AppDelegate.swift; sourceTree = "<group>"; };
		7F0668802239212B00705E62 /* ViewController.swift */ = {isa = PBXFileReference; lastKnownFileType = sourcecode.swift; path = ViewController.swift; sourceTree = "<group>"; };
		7F0668832239212B00705E62 /* Base */ = {isa = PBXFileReference; lastKnownFileType = file.storyboard; name = Base; path = Base.lproj/Main.storyboard; sourceTree = "<group>"; };
		7F0668852239212C00705E62 /* Assets.xcassets */ = {isa = PBXFileReference; lastKnownFileType = folder.assetcatalog; path = Assets.xcassets; sourceTree = "<group>"; };
		7F0668882239212C00705E62 /* Base */ = {isa = PBXFileReference; lastKnownFileType = file.storyboard; name = Base; path = Base.lproj/LaunchScreen.storyboard; sourceTree = "<group>"; };
		7F06688A2239212C00705E62 /* Info.plist */ = {isa = PBXFileReference; lastKnownFileType = text.plist.xml; path = Info.plist; sourceTree = "<group>"; };
		7F06688F2239212C00705E62 /* TFGTests.xctest */ = {isa = PBXFileReference; explicitFileType = wrapper.cfbundle; includeInIndex = 0; path = TFGTests.xctest; sourceTree = BUILT_PRODUCTS_DIR; };
		7F0668932239212C00705E62 /* TFGTests.swift */ = {isa = PBXFileReference; lastKnownFileType = sourcecode.swift; path = TFGTests.swift; sourceTree = "<group>"; };
		7F0668952239212C00705E62 /* Info.plist */ = {isa = PBXFileReference; lastKnownFileType = text.plist.xml; path = Info.plist; sourceTree = "<group>"; };
		7F06689A2239212C00705E62 /* TFGUITests.xctest */ = {isa = PBXFileReference; explicitFileType = wrapper.cfbundle; includeInIndex = 0; path = TFGUITests.xctest; sourceTree = BUILT_PRODUCTS_DIR; };
		7F06689E2239212C00705E62 /* TFGUITests.swift */ = {isa = PBXFileReference; lastKnownFileType = sourcecode.swift; path = TFGUITests.swift; sourceTree = "<group>"; };
		7F0668A02239212C00705E62 /* Info.plist */ = {isa = PBXFileReference; lastKnownFileType = text.plist.xml; path = Info.plist; sourceTree = "<group>"; };
		7F16DD862244D3F50070F0D3 /* NewUserViewController.swift */ = {isa = PBXFileReference; fileEncoding = 4; lastKnownFileType = sourcecode.swift; path = NewUserViewController.swift; sourceTree = "<group>"; };
		7F16DD882244DA980070F0D3 /* Boton.jpg */ = {isa = PBXFileReference; lastKnownFileType = image.jpeg; path = Boton.jpg; sourceTree = "<group>"; };
		7F16DD8B2244F32D0070F0D3 /* Usuario.swift */ = {isa = PBXFileReference; lastKnownFileType = sourcecode.swift; path = Usuario.swift; sourceTree = "<group>"; };
		7F16DD8E2244F8BC0070F0D3 /* Movimiento.swift */ = {isa = PBXFileReference; lastKnownFileType = sourcecode.swift; path = Movimiento.swift; sourceTree = "<group>"; };
		7F16DD9022450C800070F0D3 /* ConexionDB.swift */ = {isa = PBXFileReference; lastKnownFileType = sourcecode.swift; path = ConexionDB.swift; sourceTree = "<group>"; };
		7F6B299B2248C748007B15C5 /* hilos.swift */ = {isa = PBXFileReference; lastKnownFileType = sourcecode.swift; path = hilos.swift; sourceTree = "<group>"; };
		7F6DF5E52243E130007C196A /* Funciones.swift */ = {isa = PBXFileReference; lastKnownFileType = sourcecode.swift; path = Funciones.swift; sourceTree = "<group>"; };
		7F6DF5ED2243EAED007C196A /* Fondo.jpg */ = {isa = PBXFileReference; lastKnownFileType = image.jpeg; path = Fondo.jpg; sourceTree = "<group>"; };
		7FA2072B22414BB500AC966E /* ContenidoAdminViewController.swift */ = {isa = PBXFileReference; fileEncoding = 4; lastKnownFileType = sourcecode.swift; path = ContenidoAdminViewController.swift; sourceTree = "<group>"; };
		7FA2072D22414C6200AC966E /* ContenidoViewController.swift */ = {isa = PBXFileReference; fileEncoding = 4; lastKnownFileType = sourcecode.swift; path = ContenidoViewController.swift; sourceTree = "<group>"; };
		7FA2072F2241514400AC966E /* EliminarUsuarioViewController.swift */ = {isa = PBXFileReference; fileEncoding = 4; lastKnownFileType = sourcecode.swift; path = EliminarUsuarioViewController.swift; sourceTree = "<group>"; };
		7FA20733224151CA00AC966E /* VisualizarUsuariosTableViewController.swift */ = {isa = PBXFileReference; fileEncoding = 4; lastKnownFileType = sourcecode.swift; path = VisualizarUsuariosTableViewController.swift; sourceTree = "<group>"; };
		7FC695A22240061D00A4122B /* NewUserRegisViewController.swift */ = {isa = PBXFileReference; lastKnownFileType = sourcecode.swift; path = NewUserRegisViewController.swift; sourceTree = "<group>"; };
		7FC695A42241067900A4122B /* GoogleService-Info.plist */ = {isa = PBXFileReference; fileEncoding = 4; lastKnownFileType = text.plist.xml; path = "GoogleService-Info.plist"; sourceTree = "<group>"; };
		D89C7B0445789B4883C121F8 /* Pods-TFGTests.debug.xcconfig */ = {isa = PBXFileReference; includeInIndex = 1; lastKnownFileType = text.xcconfig; name = "Pods-TFGTests.debug.xcconfig"; path = "Pods/Target Support Files/Pods-TFGTests/Pods-TFGTests.debug.xcconfig"; sourceTree = "<group>"; };
/* End PBXFileReference section */

/* Begin PBXFrameworksBuildPhase section */
		7F0668782239212B00705E62 /* Frameworks */ = {
			isa = PBXFrameworksBuildPhase;
			buildActionMask = 2147483647;
			files = (
				577318D416C43E7CDCFFD6FA /* Pods_TFG.framework in Frameworks */,
			);
			runOnlyForDeploymentPostprocessing = 0;
		};
		7F06688C2239212C00705E62 /* Frameworks */ = {
			isa = PBXFrameworksBuildPhase;
			buildActionMask = 2147483647;
			files = (
				BB746AF682804D2695AB7B2D /* Pods_TFGTests.framework in Frameworks */,
			);
			runOnlyForDeploymentPostprocessing = 0;
		};
		7F0668972239212C00705E62 /* Frameworks */ = {
			isa = PBXFrameworksBuildPhase;
			buildActionMask = 2147483647;
			files = (
				D77C3212CF94FCC83C591EFB /* Pods_TFGUITests.framework in Frameworks */,
			);
			runOnlyForDeploymentPostprocessing = 0;
		};
/* End PBXFrameworksBuildPhase section */

/* Begin PBXGroup section */
		7F0668722239212B00705E62 = {
			isa = PBXGroup;
			children = (
				7F6DF5E72243E9D6007C196A /* Recursos */,
				7F06687D2239212B00705E62 /* TFG */,
				7F0668922239212C00705E62 /* TFGTests */,
				7F06689D2239212C00705E62 /* TFGUITests */,
				7F06687C2239212B00705E62 /* Products */,
				BAB992A352D13DECA6927AFA /* Pods */,
				FC507B1B71B03F9385CE5DF1 /* Frameworks */,
			);
			sourceTree = "<group>";
		};
		7F06687C2239212B00705E62 /* Products */ = {
			isa = PBXGroup;
			children = (
				7F06687B2239212B00705E62 /* TFG.app */,
				7F06688F2239212C00705E62 /* TFGTests.xctest */,
				7F06689A2239212C00705E62 /* TFGUITests.xctest */,
			);
			name = Products;
			sourceTree = "<group>";
		};
		7F06687D2239212B00705E62 /* TFG */ = {
			isa = PBXGroup;
			children = (
				7F06687E2239212B00705E62 /* AppDelegate.swift */,
				7F16DD9022450C800070F0D3 /* ConexionDB.swift */,
				7F0668802239212B00705E62 /* ViewController.swift */,
				7FC695A22240061D00A4122B /* NewUserRegisViewController.swift */,
				7FA2072D22414C6200AC966E /* ContenidoViewController.swift */,
				7F0668822239212B00705E62 /* Main.storyboard */,
				7FA2072B22414BB500AC966E /* ContenidoAdminViewController.swift */,
				7F16DD862244D3F50070F0D3 /* NewUserViewController.swift */,
				7FA2072F2241514400AC966E /* EliminarUsuarioViewController.swift */,
				7FA20733224151CA00AC966E /* VisualizarUsuariosTableViewController.swift */,
				7F0668852239212C00705E62 /* Assets.xcassets */,
				7F0668872239212C00705E62 /* LaunchScreen.storyboard */,
				7F06688A2239212C00705E62 /* Info.plist */,
				7FC695A42241067900A4122B /* GoogleService-Info.plist */,
				7F6DF5E52243E130007C196A /* Funciones.swift */,
				7F16DD8A2244F3080070F0D3 /* Objetos */,
				7F6B299B2248C748007B15C5 /* hilos.swift */,
			);
			path = TFG;
			sourceTree = "<group>";
		};
		7F0668922239212C00705E62 /* TFGTests */ = {
			isa = PBXGroup;
			children = (
				7F0668932239212C00705E62 /* TFGTests.swift */,
				7F0668952239212C00705E62 /* Info.plist */,
			);
			path = TFGTests;
			sourceTree = "<group>";
		};
		7F06689D2239212C00705E62 /* TFGUITests */ = {
			isa = PBXGroup;
			children = (
				7F06689E2239212C00705E62 /* TFGUITests.swift */,
				7F0668A02239212C00705E62 /* Info.plist */,
			);
			path = TFGUITests;
			sourceTree = "<group>";
		};
		7F16DD8A2244F3080070F0D3 /* Objetos */ = {
			isa = PBXGroup;
			children = (
				7F16DD8B2244F32D0070F0D3 /* Usuario.swift */,
				7F16DD8E2244F8BC0070F0D3 /* Movimiento.swift */,
			);
			path = Objetos;
			sourceTree = "<group>";
		};
		7F6DF5E72243E9D6007C196A /* Recursos */ = {
			isa = PBXGroup;
			children = (
				7F6DF5E82243E9E6007C196A /* img */,
			);
			path = Recursos;
			sourceTree = "<group>";
		};
		7F6DF5E82243E9E6007C196A /* img */ = {
			isa = PBXGroup;
			children = (
				7F6DF5ED2243EAED007C196A /* Fondo.jpg */,
				7F16DD882244DA980070F0D3 /* Boton.jpg */,
			);
			path = img;
			sourceTree = "<group>";
		};
		BAB992A352D13DECA6927AFA /* Pods */ = {
			isa = PBXGroup;
			children = (
				6DF9D55A6B8F5C078DC772FB /* Pods-TFG.debug.xcconfig */,
				7D319BAADCE72D19081ACFD1 /* Pods-TFG.release.xcconfig */,
				D89C7B0445789B4883C121F8 /* Pods-TFGTests.debug.xcconfig */,
				0500682F490508ED81018466 /* Pods-TFGTests.release.xcconfig */,
				2AD64476C6464140B415A61B /* Pods-TFGUITests.debug.xcconfig */,
				648DD7163B13DC2A271CAC12 /* Pods-TFGUITests.release.xcconfig */,
			);
			name = Pods;
			sourceTree = "<group>";
		};
		FC507B1B71B03F9385CE5DF1 /* Frameworks */ = {
			isa = PBXGroup;
			children = (
				4C630DE8CA7C4DA051B730B8 /* Pods_TFG.framework */,
				2B5C7DEAB18B2565C1429CF3 /* Pods_TFGTests.framework */,
				0DAD979F0743E2EC41FF2202 /* Pods_TFGUITests.framework */,
			);
			name = Frameworks;
			sourceTree = "<group>";
		};
/* End PBXGroup section */

/* Begin PBXNativeTarget section */
		7F06687A2239212B00705E62 /* TFG */ = {
			isa = PBXNativeTarget;
			buildConfigurationList = 7F0668A32239212C00705E62 /* Build configuration list for PBXNativeTarget "TFG" */;
			buildPhases = (
				817890DFA287EBA33318AEF9 /* [CP] Check Pods Manifest.lock */,
				7F0668772239212B00705E62 /* Sources */,
				7F0668782239212B00705E62 /* Frameworks */,
				7F0668792239212B00705E62 /* Resources */,
				84D6A57FA9760A59A44A0B59 /* [CP] Embed Pods Frameworks */,
			);
			buildRules = (
			);
			dependencies = (
			);
			name = TFG;
			productName = TFG;
			productReference = 7F06687B2239212B00705E62 /* TFG.app */;
			productType = "com.apple.product-type.application";
		};
		7F06688E2239212C00705E62 /* TFGTests */ = {
			isa = PBXNativeTarget;
			buildConfigurationList = 7F0668A62239212C00705E62 /* Build configuration list for PBXNativeTarget "TFGTests" */;
			buildPhases = (
				B4C8EAB4DBBD2840F72EE5AD /* [CP] Check Pods Manifest.lock */,
				7F06688B2239212C00705E62 /* Sources */,
				7F06688C2239212C00705E62 /* Frameworks */,
				7F06688D2239212C00705E62 /* Resources */,
			);
			buildRules = (
			);
			dependencies = (
				7F0668912239212C00705E62 /* PBXTargetDependency */,
			);
			name = TFGTests;
			productName = TFGTests;
			productReference = 7F06688F2239212C00705E62 /* TFGTests.xctest */;
			productType = "com.apple.product-type.bundle.unit-test";
		};
		7F0668992239212C00705E62 /* TFGUITests */ = {
			isa = PBXNativeTarget;
			buildConfigurationList = 7F0668A92239212C00705E62 /* Build configuration list for PBXNativeTarget "TFGUITests" */;
			buildPhases = (
				AD58A3EBB150B1D963603C44 /* [CP] Check Pods Manifest.lock */,
				7F0668962239212C00705E62 /* Sources */,
				7F0668972239212C00705E62 /* Frameworks */,
				7F0668982239212C00705E62 /* Resources */,
			);
			buildRules = (
			);
			dependencies = (
				7F06689C2239212C00705E62 /* PBXTargetDependency */,
			);
			name = TFGUITests;
			productName = TFGUITests;
			productReference = 7F06689A2239212C00705E62 /* TFGUITests.xctest */;
			productType = "com.apple.product-type.bundle.ui-testing";
		};
/* End PBXNativeTarget section */

/* Begin PBXProject section */
		7F0668732239212B00705E62 /* Project object */ = {
			isa = PBXProject;
			attributes = {
				LastSwiftUpdateCheck = 1010;
				LastUpgradeCheck = 1010;
				ORGANIZATIONNAME = "Daniel Queraltó Parra";
				TargetAttributes = {
					7F06687A2239212B00705E62 = {
						CreatedOnToolsVersion = 10.1;
					};
					7F06688E2239212C00705E62 = {
						CreatedOnToolsVersion = 10.1;
						TestTargetID = 7F06687A2239212B00705E62;
					};
					7F0668992239212C00705E62 = {
						CreatedOnToolsVersion = 10.1;
						TestTargetID = 7F06687A2239212B00705E62;
					};
				};
			};
			buildConfigurationList = 7F0668762239212B00705E62 /* Build configuration list for PBXProject "TFG" */;
			compatibilityVersion = "Xcode 9.3";
			developmentRegion = en;
			hasScannedForEncodings = 0;
			knownRegions = (
				en,
				Base,
			);
			mainGroup = 7F0668722239212B00705E62;
			productRefGroup = 7F06687C2239212B00705E62 /* Products */;
			projectDirPath = "";
			projectRoot = "";
			targets = (
				7F06687A2239212B00705E62 /* TFG */,
				7F06688E2239212C00705E62 /* TFGTests */,
				7F0668992239212C00705E62 /* TFGUITests */,
			);
		};
/* End PBXProject section */

/* Begin PBXResourcesBuildPhase section */
		7F0668792239212B00705E62 /* Resources */ = {
			isa = PBXResourcesBuildPhase;
			buildActionMask = 2147483647;
			files = (
				7F0668892239212C00705E62 /* LaunchScreen.storyboard in Resources */,
				7F16DD892244DA9B0070F0D3 /* Boton.jpg in Resources */,
				7F6DF5EE2243EAED007C196A /* Fondo.jpg in Resources */,
				7FC695A52241067A00A4122B /* GoogleService-Info.plist in Resources */,
				7F0668862239212C00705E62 /* Assets.xcassets in Resources */,
				7F0668842239212B00705E62 /* Main.storyboard in Resources */,
			);
			runOnlyForDeploymentPostprocessing = 0;
		};
		7F06688D2239212C00705E62 /* Resources */ = {
			isa = PBXResourcesBuildPhase;
			buildActionMask = 2147483647;
			files = (
			);
			runOnlyForDeploymentPostprocessing = 0;
		};
		7F0668982239212C00705E62 /* Resources */ = {
			isa = PBXResourcesBuildPhase;
			buildActionMask = 2147483647;
			files = (
			);
			runOnlyForDeploymentPostprocessing = 0;
		};
/* End PBXResourcesBuildPhase section */

/* Begin PBXShellScriptBuildPhase section */
		817890DFA287EBA33318AEF9 /* [CP] Check Pods Manifest.lock */ = {
			isa = PBXShellScriptBuildPhase;
			buildActionMask = 2147483647;
			files = (
			);
			inputPaths = (
				"${PODS_PODFILE_DIR_PATH}/Podfile.lock",
				"${PODS_ROOT}/Manifest.lock",
			);
			name = "[CP] Check Pods Manifest.lock";
			outputPaths = (
				"$(DERIVED_FILE_DIR)/Pods-TFG-checkManifestLockResult.txt",
			);
			runOnlyForDeploymentPostprocessing = 0;
			shellPath = /bin/sh;
			shellScript = "diff \"${PODS_PODFILE_DIR_PATH}/Podfile.lock\" \"${PODS_ROOT}/Manifest.lock\" > /dev/null\nif [ $? != 0 ] ; then\n    # print error to STDERR\n    echo \"error: The sandbox is not in sync with the Podfile.lock. Run 'pod install' or update your CocoaPods installation.\" >&2\n    exit 1\nfi\n# This output is used by Xcode 'outputs' to avoid re-running this script phase.\necho \"SUCCESS\" > \"${SCRIPT_OUTPUT_FILE_0}\"\n";
			showEnvVarsInLog = 0;
		};
		84D6A57FA9760A59A44A0B59 /* [CP] Embed Pods Frameworks */ = {
			isa = PBXShellScriptBuildPhase;
			buildActionMask = 2147483647;
			files = (
			);
			inputPaths = (
				"${SRCROOT}/Pods/Target Support Files/Pods-TFG/Pods-TFG-frameworks.sh",
				"${BUILT_PRODUCTS_DIR}/GoogleUtilities/GoogleUtilities.framework",
				"${BUILT_PRODUCTS_DIR}/nanopb/nanopb.framework",
			);
			name = "[CP] Embed Pods Frameworks";
			outputPaths = (
				"${TARGET_BUILD_DIR}/${FRAMEWORKS_FOLDER_PATH}/GoogleUtilities.framework",
				"${TARGET_BUILD_DIR}/${FRAMEWORKS_FOLDER_PATH}/nanopb.framework",
			);
			runOnlyForDeploymentPostprocessing = 0;
			shellPath = /bin/sh;
			shellScript = "\"${SRCROOT}/Pods/Target Support Files/Pods-TFG/Pods-TFG-frameworks.sh\"\n";
			showEnvVarsInLog = 0;
		};
		AD58A3EBB150B1D963603C44 /* [CP] Check Pods Manifest.lock */ = {
			isa = PBXShellScriptBuildPhase;
			buildActionMask = 2147483647;
			files = (
			);
			inputPaths = (
				"${PODS_PODFILE_DIR_PATH}/Podfile.lock",
				"${PODS_ROOT}/Manifest.lock",
			);
			name = "[CP] Check Pods Manifest.lock";
			outputPaths = (
				"$(DERIVED_FILE_DIR)/Pods-TFGUITests-checkManifestLockResult.txt",
			);
			runOnlyForDeploymentPostprocessing = 0;
			shellPath = /bin/sh;
			shellScript = "diff \"${PODS_PODFILE_DIR_PATH}/Podfile.lock\" \"${PODS_ROOT}/Manifest.lock\" > /dev/null\nif [ $? != 0 ] ; then\n    # print error to STDERR\n    echo \"error: The sandbox is not in sync with the Podfile.lock. Run 'pod install' or update your CocoaPods installation.\" >&2\n    exit 1\nfi\n# This output is used by Xcode 'outputs' to avoid re-running this script phase.\necho \"SUCCESS\" > \"${SCRIPT_OUTPUT_FILE_0}\"\n";
			showEnvVarsInLog = 0;
		};
		B4C8EAB4DBBD2840F72EE5AD /* [CP] Check Pods Manifest.lock */ = {
			isa = PBXShellScriptBuildPhase;
			buildActionMask = 2147483647;
			files = (
			);
			inputPaths = (
				"${PODS_PODFILE_DIR_PATH}/Podfile.lock",
				"${PODS_ROOT}/Manifest.lock",
			);
			name = "[CP] Check Pods Manifest.lock";
			outputPaths = (
				"$(DERIVED_FILE_DIR)/Pods-TFGTests-checkManifestLockResult.txt",
			);
			runOnlyForDeploymentPostprocessing = 0;
			shellPath = /bin/sh;
			shellScript = "diff \"${PODS_PODFILE_DIR_PATH}/Podfile.lock\" \"${PODS_ROOT}/Manifest.lock\" > /dev/null\nif [ $? != 0 ] ; then\n    # print error to STDERR\n    echo \"error: The sandbox is not in sync with the Podfile.lock. Run 'pod install' or update your CocoaPods installation.\" >&2\n    exit 1\nfi\n# This output is used by Xcode 'outputs' to avoid re-running this script phase.\necho \"SUCCESS\" > \"${SCRIPT_OUTPUT_FILE_0}\"\n";
			showEnvVarsInLog = 0;
		};
/* End PBXShellScriptBuildPhase section */

/* Begin PBXSourcesBuildPhase section */
		7F0668772239212B00705E62 /* Sources */ = {
			isa = PBXSourcesBuildPhase;
			buildActionMask = 2147483647;
			files = (
				7F6B299C2248C748007B15C5 /* hilos.swift in Sources */,
				7F16DD9122450C800070F0D3 /* ConexionDB.swift in Sources */,
				7FA2072E22414C6200AC966E /* ContenidoViewController.swift in Sources */,
				7FA2072C22414BB500AC966E /* ContenidoAdminViewController.swift in Sources */,
				7FA20734224151CA00AC966E /* VisualizarUsuariosTableViewController.swift in Sources */,
				7F0668812239212B00705E62 /* ViewController.swift in Sources */,
				7F6DF5E62243E130007C196A /* Funciones.swift in Sources */,
				7FC695A32240061D00A4122B /* NewUserRegisViewController.swift in Sources */,
				7F16DD8C2244F32D0070F0D3 /* Usuario.swift in Sources */,
				7FA207302241514400AC966E /* EliminarUsuarioViewController.swift in Sources */,
				7F16DD872244D3F50070F0D3 /* NewUserViewController.swift in Sources */,
				7F06687F2239212B00705E62 /* AppDelegate.swift in Sources */,
				7F16DD8F2244F8BC0070F0D3 /* Movimiento.swift in Sources */,
			);
			runOnlyForDeploymentPostprocessing = 0;
		};
		7F06688B2239212C00705E62 /* Sources */ = {
			isa = PBXSourcesBuildPhase;
			buildActionMask = 2147483647;
			files = (
				7F0668942239212C00705E62 /* TFGTests.swift in Sources */,
			);
			runOnlyForDeploymentPostprocessing = 0;
		};
		7F0668962239212C00705E62 /* Sources */ = {
			isa = PBXSourcesBuildPhase;
			buildActionMask = 2147483647;
			files = (
				7F06689F2239212C00705E62 /* TFGUITests.swift in Sources */,
			);
			runOnlyForDeploymentPostprocessing = 0;
		};
/* End PBXSourcesBuildPhase section */

/* Begin PBXTargetDependency section */
		7F0668912239212C00705E62 /* PBXTargetDependency */ = {
			isa = PBXTargetDependency;
			target = 7F06687A2239212B00705E62 /* TFG */;
			targetProxy = 7F0668902239212C00705E62 /* PBXContainerItemProxy */;
		};
		7F06689C2239212C00705E62 /* PBXTargetDependency */ = {
			isa = PBXTargetDependency;
			target = 7F06687A2239212B00705E62 /* TFG */;
			targetProxy = 7F06689B2239212C00705E62 /* PBXContainerItemProxy */;
		};
/* End PBXTargetDependency section */

/* Begin PBXVariantGroup section */
		7F0668822239212B00705E62 /* Main.storyboard */ = {
			isa = PBXVariantGroup;
			children = (
				7F0668832239212B00705E62 /* Base */,
			);
			name = Main.storyboard;
			sourceTree = "<group>";
		};
		7F0668872239212C00705E62 /* LaunchScreen.storyboard */ = {
			isa = PBXVariantGroup;
			children = (
				7F0668882239212C00705E62 /* Base */,
			);
			name = LaunchScreen.storyboard;
			sourceTree = "<group>";
		};
/* End PBXVariantGroup section */

/* Begin XCBuildConfiguration section */
		7F0668A12239212C00705E62 /* Debug */ = {
			isa = XCBuildConfiguration;
			buildSettings = {
				ALWAYS_SEARCH_USER_PATHS = NO;
				CLANG_ANALYZER_NONNULL = YES;
				CLANG_ANALYZER_NUMBER_OBJECT_CONVERSION = YES_AGGRESSIVE;
				CLANG_CXX_LANGUAGE_STANDARD = "gnu++14";
				CLANG_CXX_LIBRARY = "libc++";
				CLANG_ENABLE_MODULES = YES;
				CLANG_ENABLE_OBJC_ARC = YES;
				CLANG_ENABLE_OBJC_WEAK = YES;
				CLANG_WARN_BLOCK_CAPTURE_AUTORELEASING = YES;
				CLANG_WARN_BOOL_CONVERSION = YES;
				CLANG_WARN_COMMA = YES;
				CLANG_WARN_CONSTANT_CONVERSION = YES;
				CLANG_WARN_DEPRECATED_OBJC_IMPLEMENTATIONS = YES;
				CLANG_WARN_DIRECT_OBJC_ISA_USAGE = YES_ERROR;
				CLANG_WARN_DOCUMENTATION_COMMENTS = YES;
				CLANG_WARN_EMPTY_BODY = YES;
				CLANG_WARN_ENUM_CONVERSION = YES;
				CLANG_WARN_INFINITE_RECURSION = YES;
				CLANG_WARN_INT_CONVERSION = YES;
				CLANG_WARN_NON_LITERAL_NULL_CONVERSION = YES;
				CLANG_WARN_OBJC_IMPLICIT_RETAIN_SELF = YES;
				CLANG_WARN_OBJC_LITERAL_CONVERSION = YES;
				CLANG_WARN_OBJC_ROOT_CLASS = YES_ERROR;
				CLANG_WARN_RANGE_LOOP_ANALYSIS = YES;
				CLANG_WARN_STRICT_PROTOTYPES = YES;
				CLANG_WARN_SUSPICIOUS_MOVE = YES;
				CLANG_WARN_UNGUARDED_AVAILABILITY = YES_AGGRESSIVE;
				CLANG_WARN_UNREACHABLE_CODE = YES;
				CLANG_WARN__DUPLICATE_METHOD_MATCH = YES;
				CODE_SIGN_IDENTITY = "iPhone Developer";
				COPY_PHASE_STRIP = NO;
				DEBUG_INFORMATION_FORMAT = dwarf;
				ENABLE_STRICT_OBJC_MSGSEND = YES;
				ENABLE_TESTABILITY = YES;
				GCC_C_LANGUAGE_STANDARD = gnu11;
				GCC_DYNAMIC_NO_PIC = NO;
				GCC_NO_COMMON_BLOCKS = YES;
				GCC_OPTIMIZATION_LEVEL = 0;
				GCC_PREPROCESSOR_DEFINITIONS = (
					"DEBUG=1",
					"$(inherited)",
				);
				GCC_WARN_64_TO_32_BIT_CONVERSION = YES;
				GCC_WARN_ABOUT_RETURN_TYPE = YES_ERROR;
				GCC_WARN_UNDECLARED_SELECTOR = YES;
				GCC_WARN_UNINITIALIZED_AUTOS = YES_AGGRESSIVE;
				GCC_WARN_UNUSED_FUNCTION = YES;
				GCC_WARN_UNUSED_VARIABLE = YES;
				IPHONEOS_DEPLOYMENT_TARGET = 12.1;
				MTL_ENABLE_DEBUG_INFO = INCLUDE_SOURCE;
				MTL_FAST_MATH = YES;
				ONLY_ACTIVE_ARCH = YES;
				SDKROOT = iphoneos;
				SWIFT_ACTIVE_COMPILATION_CONDITIONS = DEBUG;
				SWIFT_OPTIMIZATION_LEVEL = "-Onone";
			};
			name = Debug;
		};
		7F0668A22239212C00705E62 /* Release */ = {
			isa = XCBuildConfiguration;
			buildSettings = {
				ALWAYS_SEARCH_USER_PATHS = NO;
				CLANG_ANALYZER_NONNULL = YES;
				CLANG_ANALYZER_NUMBER_OBJECT_CONVERSION = YES_AGGRESSIVE;
				CLANG_CXX_LANGUAGE_STANDARD = "gnu++14";
				CLANG_CXX_LIBRARY = "libc++";
				CLANG_ENABLE_MODULES = YES;
				CLANG_ENABLE_OBJC_ARC = YES;
				CLANG_ENABLE_OBJC_WEAK = YES;
				CLANG_WARN_BLOCK_CAPTURE_AUTORELEASING = YES;
				CLANG_WARN_BOOL_CONVERSION = YES;
				CLANG_WARN_COMMA = YES;
				CLANG_WARN_CONSTANT_CONVERSION = YES;
				CLANG_WARN_DEPRECATED_OBJC_IMPLEMENTATIONS = YES;
				CLANG_WARN_DIRECT_OBJC_ISA_USAGE = YES_ERROR;
				CLANG_WARN_DOCUMENTATION_COMMENTS = YES;
				CLANG_WARN_EMPTY_BODY = YES;
				CLANG_WARN_ENUM_CONVERSION = YES;
				CLANG_WARN_INFINITE_RECURSION = YES;
				CLANG_WARN_INT_CONVERSION = YES;
				CLANG_WARN_NON_LITERAL_NULL_CONVERSION = YES;
				CLANG_WARN_OBJC_IMPLICIT_RETAIN_SELF = YES;
				CLANG_WARN_OBJC_LITERAL_CONVERSION = YES;
				CLANG_WARN_OBJC_ROOT_CLASS = YES_ERROR;
				CLANG_WARN_RANGE_LOOP_ANALYSIS = YES;
				CLANG_WARN_STRICT_PROTOTYPES = YES;
				CLANG_WARN_SUSPICIOUS_MOVE = YES;
				CLANG_WARN_UNGUARDED_AVAILABILITY = YES_AGGRESSIVE;
				CLANG_WARN_UNREACHABLE_CODE = YES;
				CLANG_WARN__DUPLICATE_METHOD_MATCH = YES;
				CODE_SIGN_IDENTITY = "iPhone Developer";
				COPY_PHASE_STRIP = NO;
				DEBUG_INFORMATION_FORMAT = "dwarf-with-dsym";
				ENABLE_NS_ASSERTIONS = NO;
				ENABLE_STRICT_OBJC_MSGSEND = YES;
				GCC_C_LANGUAGE_STANDARD = gnu11;
				GCC_NO_COMMON_BLOCKS = YES;
				GCC_WARN_64_TO_32_BIT_CONVERSION = YES;
				GCC_WARN_ABOUT_RETURN_TYPE = YES_ERROR;
				GCC_WARN_UNDECLARED_SELECTOR = YES;
				GCC_WARN_UNINITIALIZED_AUTOS = YES_AGGRESSIVE;
				GCC_WARN_UNUSED_FUNCTION = YES;
				GCC_WARN_UNUSED_VARIABLE = YES;
				IPHONEOS_DEPLOYMENT_TARGET = 12.1;
				MTL_ENABLE_DEBUG_INFO = NO;
				MTL_FAST_MATH = YES;
				SDKROOT = iphoneos;
				SWIFT_COMPILATION_MODE = wholemodule;
				SWIFT_OPTIMIZATION_LEVEL = "-O";
				VALIDATE_PRODUCT = YES;
			};
			name = Release;
		};
		7F0668A42239212C00705E62 /* Debug */ = {
			isa = XCBuildConfiguration;
			baseConfigurationReference = 6DF9D55A6B8F5C078DC772FB /* Pods-TFG.debug.xcconfig */;
			buildSettings = {
				ASSETCATALOG_COMPILER_APPICON_NAME = AppIcon;
				CODE_SIGN_STYLE = Automatic;
				DEVELOPMENT_TEAM = G2N53T53EN;
				ENABLE_BITCODE = YES;
				INFOPLIST_FILE = TFG/Info.plist;
				LD_RUNPATH_SEARCH_PATHS = (
					"$(inherited)",
					"@executable_path/Frameworks",
				);
				LIBRARY_SEARCH_PATHS = (
					"$(inherited)",
					"$(PROJECT_DIR)",
				);
				PRODUCT_BUNDLE_IDENTIFIER = dqp.TFG;
				PRODUCT_NAME = "$(TARGET_NAME)";
				SWIFT_VERSION = 4.2;
				TARGETED_DEVICE_FAMILY = "1,2";
			};
			name = Debug;
		};
		7F0668A52239212C00705E62 /* Release */ = {
			isa = XCBuildConfiguration;
			baseConfigurationReference = 7D319BAADCE72D19081ACFD1 /* Pods-TFG.release.xcconfig */;
			buildSettings = {
				ASSETCATALOG_COMPILER_APPICON_NAME = AppIcon;
				CODE_SIGN_STYLE = Automatic;
				DEVELOPMENT_TEAM = G2N53T53EN;
				ENABLE_BITCODE = YES;
				INFOPLIST_FILE = TFG/Info.plist;
				LD_RUNPATH_SEARCH_PATHS = (
					"$(inherited)",
					"@executable_path/Frameworks",
				);
				LIBRARY_SEARCH_PATHS = (
					"$(inherited)",
					"$(PROJECT_DIR)",
				);
				PRODUCT_BUNDLE_IDENTIFIER = dqp.TFG;
				PRODUCT_NAME = "$(TARGET_NAME)";
				SWIFT_VERSION = 4.2;
				TARGETED_DEVICE_FAMILY = "1,2";
			};
			name = Release;
		};
		7F0668A72239212C00705E62 /* Debug */ = {
			isa = XCBuildConfiguration;
			baseConfigurationReference = D89C7B0445789B4883C121F8 /* Pods-TFGTests.debug.xcconfig */;
			buildSettings = {
				ALWAYS_EMBED_SWIFT_STANDARD_LIBRARIES = YES;
				BUNDLE_LOADER = "$(TEST_HOST)";
				CODE_SIGN_STYLE = Automatic;
				DEVELOPMENT_TEAM = G2N53T53EN;
				INFOPLIST_FILE = TFGTests/Info.plist;
				LD_RUNPATH_SEARCH_PATHS = (
					"$(inherited)",
					"@executable_path/Frameworks",
					"@loader_path/Frameworks",
				);
				PRODUCT_BUNDLE_IDENTIFIER = dqp.TFGTests;
				PRODUCT_NAME = "$(TARGET_NAME)";
				SWIFT_VERSION = 4.2;
				TARGETED_DEVICE_FAMILY = "1,2";
				TEST_HOST = "$(BUILT_PRODUCTS_DIR)/TFG.app/TFG";
			};
			name = Debug;
		};
		7F0668A82239212C00705E62 /* Release */ = {
			isa = XCBuildConfiguration;
			baseConfigurationReference = 0500682F490508ED81018466 /* Pods-TFGTests.release.xcconfig */;
			buildSettings = {
				ALWAYS_EMBED_SWIFT_STANDARD_LIBRARIES = YES;
				BUNDLE_LOADER = "$(TEST_HOST)";
				CODE_SIGN_STYLE = Automatic;
				DEVELOPMENT_TEAM = G2N53T53EN;
				INFOPLIST_FILE = TFGTests/Info.plist;
				LD_RUNPATH_SEARCH_PATHS = (
					"$(inherited)",
					"@executable_path/Frameworks",
					"@loader_path/Frameworks",
				);
				PRODUCT_BUNDLE_IDENTIFIER = dqp.TFGTests;
				PRODUCT_NAME = "$(TARGET_NAME)";
				SWIFT_VERSION = 4.2;
				TARGETED_DEVICE_FAMILY = "1,2";
				TEST_HOST = "$(BUILT_PRODUCTS_DIR)/TFG.app/TFG";
			};
			name = Release;
		};
		7F0668AA2239212C00705E62 /* Debug */ = {
			isa = XCBuildConfiguration;
			baseConfigurationReference = 2AD64476C6464140B415A61B /* Pods-TFGUITests.debug.xcconfig */;
			buildSettings = {
				ALWAYS_EMBED_SWIFT_STANDARD_LIBRARIES = YES;
				CODE_SIGN_STYLE = Automatic;
				DEVELOPMENT_TEAM = G2N53T53EN;
				INFOPLIST_FILE = TFGUITests/Info.plist;
				LD_RUNPATH_SEARCH_PATHS = (
					"$(inherited)",
					"@executable_path/Frameworks",
					"@loader_path/Frameworks",
				);
				PRODUCT_BUNDLE_IDENTIFIER = dqp.TFGUITests;
				PRODUCT_NAME = "$(TARGET_NAME)";
				SWIFT_VERSION = 4.2;
				TARGETED_DEVICE_FAMILY = "1,2";
				TEST_TARGET_NAME = TFG;
			};
			name = Debug;
		};
		7F0668AB2239212C00705E62 /* Release */ = {
			isa = XCBuildConfiguration;
			baseConfigurationReference = 648DD7163B13DC2A271CAC12 /* Pods-TFGUITests.release.xcconfig */;
			buildSettings = {
				ALWAYS_EMBED_SWIFT_STANDARD_LIBRARIES = YES;
				CODE_SIGN_STYLE = Automatic;
				DEVELOPMENT_TEAM = G2N53T53EN;
				INFOPLIST_FILE = TFGUITests/Info.plist;
				LD_RUNPATH_SEARCH_PATHS = (
					"$(inherited)",
					"@executable_path/Frameworks",
					"@loader_path/Frameworks",
				);
				PRODUCT_BUNDLE_IDENTIFIER = dqp.TFGUITests;
				PRODUCT_NAME = "$(TARGET_NAME)";
				SWIFT_VERSION = 4.2;
				TARGETED_DEVICE_FAMILY = "1,2";
				TEST_TARGET_NAME = TFG;
			};
			name = Release;
		};
/* End XCBuildConfiguration section */

/* Begin XCConfigurationList section */
		7F0668762239212B00705E62 /* Build configuration list for PBXProject "TFG" */ = {
			isa = XCConfigurationList;
			buildConfigurations = (
				7F0668A12239212C00705E62 /* Debug */,
				7F0668A22239212C00705E62 /* Release */,
			);
			defaultConfigurationIsVisible = 0;
			defaultConfigurationName = Release;
		};
		7F0668A32239212C00705E62 /* Build configuration list for PBXNativeTarget "TFG" */ = {
			isa = XCConfigurationList;
			buildConfigurations = (
				7F0668A42239212C00705E62 /* Debug */,
				7F0668A52239212C00705E62 /* Release */,
			);
			defaultConfigurationIsVisible = 0;
			defaultConfigurationName = Release;
		};
		7F0668A62239212C00705E62 /* Build configuration list for PBXNativeTarget "TFGTests" */ = {
			isa = XCConfigurationList;
			buildConfigurations = (
				7F0668A72239212C00705E62 /* Debug */,
				7F0668A82239212C00705E62 /* Release */,
			);
			defaultConfigurationIsVisible = 0;
			defaultConfigurationName = Release;
		};
		7F0668A92239212C00705E62 /* Build configuration list for PBXNativeTarget "TFGUITests" */ = {
			isa = XCConfigurationList;
			buildConfigurations = (
				7F0668AA2239212C00705E62 /* Debug */,
				7F0668AB2239212C00705E62 /* Release */,
			);
			defaultConfigurationIsVisible = 0;
			defaultConfigurationName = Release;
		};
/* End XCConfigurationList section */
	};
	rootObject = 7F0668732239212B00705E62 /* Project object */;
}
