// !$*UTF8*$!
{
	archiveVersion = 1;
	classes = {
	};
	objectVersion = 50;
	objects = {

/* Begin PBXBuildFile section */
		71B7392F0C7703E23904E91C /* Pods_TFG.framework in Frameworks */ = {isa = PBXBuildFile; fileRef = 84A01C9A4BF5FF14D8488C92 /* Pods_TFG.framework */; };
		7F06687F2239212B00705E62 /* AppDelegate.swift in Sources */ = {isa = PBXBuildFile; fileRef = 7F06687E2239212B00705E62 /* AppDelegate.swift */; };
		7F0668842239212B00705E62 /* Main.storyboard in Resources */ = {isa = PBXBuildFile; fileRef = 7F0668822239212B00705E62 /* Main.storyboard */; };
		7F0668862239212C00705E62 /* Assets.xcassets in Resources */ = {isa = PBXBuildFile; fileRef = 7F0668852239212C00705E62 /* Assets.xcassets */; };
		7F0668892239212C00705E62 /* LaunchScreen.storyboard in Resources */ = {isa = PBXBuildFile; fileRef = 7F0668872239212C00705E62 /* LaunchScreen.storyboard */; };
		7F0668942239212C00705E62 /* TFGTests.swift in Sources */ = {isa = PBXBuildFile; fileRef = 7F0668932239212C00705E62 /* TFGTests.swift */; };
		7F06689F2239212C00705E62 /* TFGUITests.swift in Sources */ = {isa = PBXBuildFile; fileRef = 7F06689E2239212C00705E62 /* TFGUITests.swift */; };
		7F0AE93A225F2EC000CEF780 /* (null) in Embed Frameworks */ = {isa = PBXBuildFile; settings = {ATTRIBUTES = (CodeSignOnCopy, RemoveHeadersOnCopy, ); }; };
		7F16DD8C2244F32D0070F0D3 /* Usuario.swift in Sources */ = {isa = PBXBuildFile; fileRef = 7F16DD8B2244F32D0070F0D3 /* Usuario.swift */; };
		7F55F1912271BCA800089427 /* Consultas.swift in Sources */ = {isa = PBXBuildFile; fileRef = 7F55F1902271BCA800089427 /* Consultas.swift */; };
		7F73D948228EB0C500C1CF92 /* MiFondoTalesOfPNG.png in Resources */ = {isa = PBXBuildFile; fileRef = 7F73D938228EB0C500C1CF92 /* MiFondoTalesOfPNG.png */; };
		7F73D949228EB0C500C1CF92 /* cerdoCoint.png in Resources */ = {isa = PBXBuildFile; fileRef = 7F73D939228EB0C500C1CF92 /* cerdoCoint.png */; };
		7F73D94A228EB0C500C1CF92 /* fondoInicio.jpg in Resources */ = {isa = PBXBuildFile; fileRef = 7F73D93A228EB0C500C1CF92 /* fondoInicio.jpg */; };
		7F73D94B228EB0C500C1CF92 /* fondoInicio.pxm in Resources */ = {isa = PBXBuildFile; fileRef = 7F73D93B228EB0C500C1CF92 /* fondoInicio.pxm */; };
		7F73D94C228EB0C500C1CF92 /* botonPlata.png in Resources */ = {isa = PBXBuildFile; fileRef = 7F73D93C228EB0C500C1CF92 /* botonPlata.png */; };
		7F73D94D228EB0C500C1CF92 /* botonPlataAdmin.png in Resources */ = {isa = PBXBuildFile; fileRef = 7F73D93D228EB0C500C1CF92 /* botonPlataAdmin.png */; };
		7F73D94E228EB0C500C1CF92 /* fondoC.jpg in Resources */ = {isa = PBXBuildFile; fileRef = 7F73D93E228EB0C500C1CF92 /* fondoC.jpg */; };
		7F73D94F228EB0C500C1CF92 /* bucle.png in Resources */ = {isa = PBXBuildFile; fileRef = 7F73D93F228EB0C500C1CF92 /* bucle.png */; };
		7F73D950228EB0C500C1CF92 /* Fondo.jpg in Resources */ = {isa = PBXBuildFile; fileRef = 7F73D940228EB0C500C1CF92 /* Fondo.jpg */; };
		7F73D951228EB0C500C1CF92 /* ChangesBaseUSD.json in Resources */ = {isa = PBXBuildFile; fileRef = 7F73D942228EB0C500C1CF92 /* ChangesBaseUSD.json */; };
		7F73D952228EB0C500C1CF92 /* botonadd.png in Resources */ = {isa = PBXBuildFile; fileRef = 7F73D944228EB0C500C1CF92 /* botonadd.png */; };
		7F73D953228EB0C500C1CF92 /* simbolo-de-resta-r.png in Resources */ = {isa = PBXBuildFile; fileRef = 7F73D945228EB0C500C1CF92 /* simbolo-de-resta-r.png */; };
		7F73D954228EB0C500C1CF92 /* botonDel.png in Resources */ = {isa = PBXBuildFile; fileRef = 7F73D946228EB0C500C1CF92 /* botonDel.png */; };
		7F73D955228EB0C500C1CF92 /* boton-de-suma-g.png in Resources */ = {isa = PBXBuildFile; fileRef = 7F73D947228EB0C500C1CF92 /* boton-de-suma-g.png */; };
		7F8A5F49227C428600F3E990 /* Request.swift in Sources */ = {isa = PBXBuildFile; fileRef = 7F8A5F48227C428600F3E990 /* Request.swift */; };
		7F8A5F4B227C42DD00F3E990 /* NetworkManager.swift in Sources */ = {isa = PBXBuildFile; fileRef = 7F8A5F4A227C42DD00F3E990 /* NetworkManager.swift */; };
		7F8A5F4D227C66CC00F3E990 /* GenerateSignature.swift in Sources */ = {isa = PBXBuildFile; fileRef = 7F8A5F4C227C66CC00F3E990 /* GenerateSignature.swift */; };
		7FC695A52241067A00A4122B /* GoogleService-Info.plist in Resources */ = {isa = PBXBuildFile; fileRef = 7FC695A42241067900A4122B /* GoogleService-Info.plist */; };
		7FF039BE2254B25000C56563 /* Divisa.swift in Sources */ = {isa = PBXBuildFile; fileRef = 7FF039BD2254B25000C56563 /* Divisa.swift */; };
		7FF039CA2254BEA900C56563 /* ViewController.swift in Sources */ = {isa = PBXBuildFile; fileRef = 7FF039C32254BEA900C56563 /* ViewController.swift */; };
		7FF039CE2254BEA900C56563 /* ContenidoViewController.swift in Sources */ = {isa = PBXBuildFile; fileRef = 7FF039C72254BEA900C56563 /* ContenidoViewController.swift */; };
		7FF039D72254BF4D00C56563 /* ConexionDB.swift in Sources */ = {isa = PBXBuildFile; fileRef = 7FF039D32254BF4D00C56563 /* ConexionDB.swift */; };
		7FF039D82254BF4D00C56563 /* Funciones.swift in Sources */ = {isa = PBXBuildFile; fileRef = 7FF039D42254BF4D00C56563 /* Funciones.swift */; };
		7FF039D92254BF4D00C56563 /* Constantes.swift in Sources */ = {isa = PBXBuildFile; fileRef = 7FF039D52254BF4D00C56563 /* Constantes.swift */; };
		7FF039DA2254BF4D00C56563 /* Alertas.swift in Sources */ = {isa = PBXBuildFile; fileRef = 7FF039D62254BF4D00C56563 /* Alertas.swift */; };
		7FF039DC2254C7F500C56563 /* Rates.swift in Sources */ = {isa = PBXBuildFile; fileRef = 7FF039DB2254C7F500C56563 /* Rates.swift */; };
		93D1F7E873CE7E596556BC7B /* Pods_TFGTests.framework in Frameworks */ = {isa = PBXBuildFile; fileRef = 7DA3F361AC76A6FB2DA04790 /* Pods_TFGTests.framework */; };
		D7FF2A919687C2F4C097F5E4 /* Pods_TFGUITests.framework in Frameworks */ = {isa = PBXBuildFile; fileRef = F18261FDE7486D824EEDEA1A /* Pods_TFGUITests.framework */; };
/* End PBXBuildFile section */

/* Begin PBXContainerItemProxy section */
		7F0668902239212C00705E62 /* PBXContainerItemProxy */ = {
			isa = PBXContainerItemProxy;
			containerPortal = 7F0668732239212B00705E62 /* Project object */;
			proxyType = 1;
			remoteGlobalIDString = 7F06687A2239212B00705E62;
			remoteInfo = TFG;
		};
		7F06689B2239212C00705E62 /* PBXContainerItemProxy */ = {
			isa = PBXContainerItemProxy;
			containerPortal = 7F0668732239212B00705E62 /* Project object */;
			proxyType = 1;
			remoteGlobalIDString = 7F06687A2239212B00705E62;
			remoteInfo = TFG;
		};
/* End PBXContainerItemProxy section */

/* Begin PBXCopyFilesBuildPhase section */
		7F0AE936225F2E5400CEF780 /* Embed Frameworks */ = {
			isa = PBXCopyFilesBuildPhase;
			buildActionMask = 2147483647;
			dstPath = "";
			dstSubfolderSpec = 10;
			files = (
				7F0AE93A225F2EC000CEF780 /* (null) in Embed Frameworks */,
			);
			name = "Embed Frameworks";
			runOnlyForDeploymentPostprocessing = 0;
		};
/* End PBXCopyFilesBuildPhase section */

/* Begin PBXFileReference section */
		0029425451F6A2C3F99698BA /* Pods-TFG.release.xcconfig */ = {isa = PBXFileReference; includeInIndex = 1; lastKnownFileType = text.xcconfig; name = "Pods-TFG.release.xcconfig"; path = "Pods/Target Support Files/Pods-TFG/Pods-TFG.release.xcconfig"; sourceTree = "<group>"; };
		24854201E37C4C7E224AF4FB /* Pods-TFGTests.release.xcconfig */ = {isa = PBXFileReference; includeInIndex = 1; lastKnownFileType = text.xcconfig; name = "Pods-TFGTests.release.xcconfig"; path = "Pods/Target Support Files/Pods-TFGTests/Pods-TFGTests.release.xcconfig"; sourceTree = "<group>"; };
		7C7E5281BD6EB85C1AD60867 /* Pods-TFGTests.debug.xcconfig */ = {isa = PBXFileReference; includeInIndex = 1; lastKnownFileType = text.xcconfig; name = "Pods-TFGTests.debug.xcconfig"; path = "Pods/Target Support Files/Pods-TFGTests/Pods-TFGTests.debug.xcconfig"; sourceTree = "<group>"; };
		7DA3F361AC76A6FB2DA04790 /* Pods_TFGTests.framework */ = {isa = PBXFileReference; explicitFileType = wrapper.framework; includeInIndex = 0; path = Pods_TFGTests.framework; sourceTree = BUILT_PRODUCTS_DIR; };
		7F06687B2239212B00705E62 /* TFG.app */ = {isa = PBXFileReference; explicitFileType = wrapper.application; includeInIndex = 0; path = TFG.app; sourceTree = BUILT_PRODUCTS_DIR; };
		7F06687E2239212B00705E62 /* AppDelegate.swift */ = {isa = PBXFileReference; lastKnownFileType = sourcecode.swift; path = AppDelegate.swift; sourceTree = "<group>"; };
		7F0668832239212B00705E62 /* Base */ = {isa = PBXFileReference; lastKnownFileType = file.storyboard; name = Base; path = Base.lproj/Main.storyboard; sourceTree = "<group>"; };
		7F0668852239212C00705E62 /* Assets.xcassets */ = {isa = PBXFileReference; lastKnownFileType = folder.assetcatalog; path = Assets.xcassets; sourceTree = "<group>"; };
		7F0668882239212C00705E62 /* Base */ = {isa = PBXFileReference; lastKnownFileType = file.storyboard; name = Base; path = Base.lproj/LaunchScreen.storyboard; sourceTree = "<group>"; };
		7F06688A2239212C00705E62 /* Info.plist */ = {isa = PBXFileReference; lastKnownFileType = text.plist.xml; path = Info.plist; sourceTree = "<group>"; };
		7F06688F2239212C00705E62 /* TFGTests.xctest */ = {isa = PBXFileReference; explicitFileType = wrapper.cfbundle; includeInIndex = 0; path = TFGTests.xctest; sourceTree = BUILT_PRODUCTS_DIR; };
		7F0668932239212C00705E62 /* TFGTests.swift */ = {isa = PBXFileReference; lastKnownFileType = sourcecode.swift; path = TFGTests.swift; sourceTree = "<group>"; };
		7F0668952239212C00705E62 /* Info.plist */ = {isa = PBXFileReference; lastKnownFileType = text.plist.xml; path = Info.plist; sourceTree = "<group>"; };
		7F06689A2239212C00705E62 /* TFGUITests.xctest */ = {isa = PBXFileReference; explicitFileType = wrapper.cfbundle; includeInIndex = 0; path = TFGUITests.xctest; sourceTree = BUILT_PRODUCTS_DIR; };
		7F06689E2239212C00705E62 /* TFGUITests.swift */ = {isa = PBXFileReference; lastKnownFileType = sourcecode.swift; path = TFGUITests.swift; sourceTree = "<group>"; };
		7F0668A02239212C00705E62 /* Info.plist */ = {isa = PBXFileReference; lastKnownFileType = text.plist.xml; path = Info.plist; sourceTree = "<group>"; };
		7F16DD8B2244F32D0070F0D3 /* Usuario.swift */ = {isa = PBXFileReference; lastKnownFileType = sourcecode.swift; path = Usuario.swift; sourceTree = "<group>"; };
		7F55F1902271BCA800089427 /* Consultas.swift */ = {isa = PBXFileReference; lastKnownFileType = sourcecode.swift; path = Consultas.swift; sourceTree = "<group>"; };
		7F73D938228EB0C500C1CF92 /* MiFondoTalesOfPNG.png */ = {isa = PBXFileReference; lastKnownFileType = image.png; path = MiFondoTalesOfPNG.png; sourceTree = "<group>"; };
		7F73D939228EB0C500C1CF92 /* cerdoCoint.png */ = {isa = PBXFileReference; lastKnownFileType = image.png; path = cerdoCoint.png; sourceTree = "<group>"; };
		7F73D93A228EB0C500C1CF92 /* fondoInicio.jpg */ = {isa = PBXFileReference; lastKnownFileType = image.jpeg; path = fondoInicio.jpg; sourceTree = "<group>"; };
		7F73D93B228EB0C500C1CF92 /* fondoInicio.pxm */ = {isa = PBXFileReference; lastKnownFileType = file; path = fondoInicio.pxm; sourceTree = "<group>"; };
		7F73D93C228EB0C500C1CF92 /* botonPlata.png */ = {isa = PBXFileReference; lastKnownFileType = image.png; path = botonPlata.png; sourceTree = "<group>"; };
		7F73D93D228EB0C500C1CF92 /* botonPlataAdmin.png */ = {isa = PBXFileReference; lastKnownFileType = image.png; path = botonPlataAdmin.png; sourceTree = "<group>"; };
		7F73D93E228EB0C500C1CF92 /* fondoC.jpg */ = {isa = PBXFileReference; lastKnownFileType = image.jpeg; path = fondoC.jpg; sourceTree = "<group>"; };
		7F73D93F228EB0C500C1CF92 /* bucle.png */ = {isa = PBXFileReference; lastKnownFileType = image.png; path = bucle.png; sourceTree = "<group>"; };
		7F73D940228EB0C500C1CF92 /* Fondo.jpg */ = {isa = PBXFileReference; lastKnownFileType = image.jpeg; path = Fondo.jpg; sourceTree = "<group>"; };
		7F73D942228EB0C500C1CF92 /* ChangesBaseUSD.json */ = {isa = PBXFileReference; fileEncoding = 4; lastKnownFileType = text.json; path = ChangesBaseUSD.json; sourceTree = "<group>"; };
		7F73D944228EB0C500C1CF92 /* botonadd.png */ = {isa = PBXFileReference; lastKnownFileType = image.png; path = botonadd.png; sourceTree = "<group>"; };
		7F73D945228EB0C500C1CF92 /* simbolo-de-resta-r.png */ = {isa = PBXFileReference; lastKnownFileType = image.png; path = "simbolo-de-resta-r.png"; sourceTree = "<group>"; };
		7F73D946228EB0C500C1CF92 /* botonDel.png */ = {isa = PBXFileReference; lastKnownFileType = image.png; path = botonDel.png; sourceTree = "<group>"; };
		7F73D947228EB0C500C1CF92 /* boton-de-suma-g.png */ = {isa = PBXFileReference; lastKnownFileType = image.png; path = "boton-de-suma-g.png"; sourceTree = "<group>"; };
		7F8A5F48227C428600F3E990 /* Request.swift */ = {isa = PBXFileReference; lastKnownFileType = sourcecode.swift; path = Request.swift; sourceTree = "<group>"; };
		7F8A5F4A227C42DD00F3E990 /* NetworkManager.swift */ = {isa = PBXFileReference; lastKnownFileType = sourcecode.swift; path = NetworkManager.swift; sourceTree = "<group>"; };
		7F8A5F4C227C66CC00F3E990 /* GenerateSignature.swift */ = {isa = PBXFileReference; lastKnownFileType = sourcecode.swift; path = GenerateSignature.swift; sourceTree = "<group>"; };
		7FC695A42241067900A4122B /* GoogleService-Info.plist */ = {isa = PBXFileReference; fileEncoding = 4; lastKnownFileType = text.plist.xml; path = "GoogleService-Info.plist"; sourceTree = "<group>"; };
		7FF039BD2254B25000C56563 /* Divisa.swift */ = {isa = PBXFileReference; lastKnownFileType = sourcecode.swift; path = Divisa.swift; sourceTree = "<group>"; };
		7FF039C32254BEA900C56563 /* ViewController.swift */ = {isa = PBXFileReference; fileEncoding = 4; lastKnownFileType = sourcecode.swift; path = ViewController.swift; sourceTree = "<group>"; };
		7FF039C72254BEA900C56563 /* ContenidoViewController.swift */ = {isa = PBXFileReference; fileEncoding = 4; lastKnownFileType = sourcecode.swift; path = ContenidoViewController.swift; sourceTree = "<group>"; };
		7FF039D32254BF4D00C56563 /* ConexionDB.swift */ = {isa = PBXFileReference; fileEncoding = 4; lastKnownFileType = sourcecode.swift; path = ConexionDB.swift; sourceTree = "<group>"; };
		7FF039D42254BF4D00C56563 /* Funciones.swift */ = {isa = PBXFileReference; fileEncoding = 4; lastKnownFileType = sourcecode.swift; path = Funciones.swift; sourceTree = "<group>"; };
		7FF039D52254BF4D00C56563 /* Constantes.swift */ = {isa = PBXFileReference; fileEncoding = 4; lastKnownFileType = sourcecode.swift; path = Constantes.swift; sourceTree = "<group>"; };
		7FF039D62254BF4D00C56563 /* Alertas.swift */ = {isa = PBXFileReference; fileEncoding = 4; lastKnownFileType = sourcecode.swift; path = Alertas.swift; sourceTree = "<group>"; };
		7FF039DB2254C7F500C56563 /* Rates.swift */ = {isa = PBXFileReference; lastKnownFileType = sourcecode.swift; path = Rates.swift; sourceTree = "<group>"; usesTabs = 0; };
		84A01C9A4BF5FF14D8488C92 /* Pods_TFG.framework */ = {isa = PBXFileReference; explicitFileType = wrapper.framework; includeInIndex = 0; path = Pods_TFG.framework; sourceTree = BUILT_PRODUCTS_DIR; };
		B2514E0C84DBC68E9BCD2FC8 /* Pods-TFG.debug.xcconfig */ = {isa = PBXFileReference; includeInIndex = 1; lastKnownFileType = text.xcconfig; name = "Pods-TFG.debug.xcconfig"; path = "Pods/Target Support Files/Pods-TFG/Pods-TFG.debug.xcconfig"; sourceTree = "<group>"; };
		EA6659A8B584FEF9B6565160 /* Pods-TFGUITests.debug.xcconfig */ = {isa = PBXFileReference; includeInIndex = 1; lastKnownFileType = text.xcconfig; name = "Pods-TFGUITests.debug.xcconfig"; path = "Pods/Target Support Files/Pods-TFGUITests/Pods-TFGUITests.debug.xcconfig"; sourceTree = "<group>"; };
		F18261FDE7486D824EEDEA1A /* Pods_TFGUITests.framework */ = {isa = PBXFileReference; explicitFileType = wrapper.framework; includeInIndex = 0; path = Pods_TFGUITests.framework; sourceTree = BUILT_PRODUCTS_DIR; };
		FC8F4CF8D0FD8007CC7D2B28 /* Pods-TFGUITests.release.xcconfig */ = {isa = PBXFileReference; includeInIndex = 1; lastKnownFileType = text.xcconfig; name = "Pods-TFGUITests.release.xcconfig"; path = "Pods/Target Support Files/Pods-TFGUITests/Pods-TFGUITests.release.xcconfig"; sourceTree = "<group>"; };
/* End PBXFileReference section */

/* Begin PBXFrameworksBuildPhase section */
		7F0668782239212B00705E62 /* Frameworks */ = {
			isa = PBXFrameworksBuildPhase;
			buildActionMask = 2147483647;
			files = (
				71B7392F0C7703E23904E91C /* Pods_TFG.framework in Frameworks */,
			);
			runOnlyForDeploymentPostprocessing = 0;
		};
		7F06688C2239212C00705E62 /* Frameworks */ = {
			isa = PBXFrameworksBuildPhase;
			buildActionMask = 2147483647;
			files = (
				93D1F7E873CE7E596556BC7B /* Pods_TFGTests.framework in Frameworks */,
			);
			runOnlyForDeploymentPostprocessing = 0;
		};
		7F0668972239212C00705E62 /* Frameworks */ = {
			isa = PBXFrameworksBuildPhase;
			buildActionMask = 2147483647;
			files = (
				D7FF2A919687C2F4C097F5E4 /* Pods_TFGUITests.framework in Frameworks */,
			);
			runOnlyForDeploymentPostprocessing = 0;
		};
/* End PBXFrameworksBuildPhase section */

/* Begin PBXGroup section */
		5DD80899527693FE286F0702 /* Pods */ = {
			isa = PBXGroup;
			children = (
				B2514E0C84DBC68E9BCD2FC8 /* Pods-TFG.debug.xcconfig */,
				0029425451F6A2C3F99698BA /* Pods-TFG.release.xcconfig */,
				7C7E5281BD6EB85C1AD60867 /* Pods-TFGTests.debug.xcconfig */,
				24854201E37C4C7E224AF4FB /* Pods-TFGTests.release.xcconfig */,
				EA6659A8B584FEF9B6565160 /* Pods-TFGUITests.debug.xcconfig */,
				FC8F4CF8D0FD8007CC7D2B28 /* Pods-TFGUITests.release.xcconfig */,
			);
			name = Pods;
			sourceTree = "<group>";
		};
		767927D2387D7F00CCF688C7 /* Frameworks */ = {
			isa = PBXGroup;
			children = (
				84A01C9A4BF5FF14D8488C92 /* Pods_TFG.framework */,
				7DA3F361AC76A6FB2DA04790 /* Pods_TFGTests.framework */,
				F18261FDE7486D824EEDEA1A /* Pods_TFGUITests.framework */,
			);
			name = Frameworks;
			sourceTree = "<group>";
		};
		7F0668722239212B00705E62 = {
			isa = PBXGroup;
			children = (
				7F06687D2239212B00705E62 /* TFG */,
				7F0668922239212C00705E62 /* TFGTests */,
				7F06689D2239212C00705E62 /* TFGUITests */,
				7F06687C2239212B00705E62 /* Products */,
				5DD80899527693FE286F0702 /* Pods */,
				767927D2387D7F00CCF688C7 /* Frameworks */,
			);
			sourceTree = "<group>";
		};
		7F06687C2239212B00705E62 /* Products */ = {
			isa = PBXGroup;
			children = (
				7F06687B2239212B00705E62 /* TFG.app */,
				7F06688F2239212C00705E62 /* TFGTests.xctest */,
				7F06689A2239212C00705E62 /* TFGUITests.xctest */,
			);
			name = Products;
			sourceTree = "<group>";
		};
		7F06687D2239212B00705E62 /* TFG */ = {
			isa = PBXGroup;
			children = (
				7F73D936228EB0C500C1CF92 /* Recursos */,
				7F8A5F47227C426900F3E990 /* Request */,
				7F06687E2239212B00705E62 /* AppDelegate.swift */,
				7F0668822239212B00705E62 /* Main.storyboard */,
				7F06688A2239212C00705E62 /* Info.plist */,
				7F0668872239212C00705E62 /* LaunchScreen.storyboard */,
				7F0668852239212C00705E62 /* Assets.xcassets */,
				7FF039D22254BF4D00C56563 /* Otros */,
				7F16DD8A2244F3080070F0D3 /* Objetos */,
				7FF039C22254BEA900C56563 /* Controladores */,
				7FC695A42241067900A4122B /* GoogleService-Info.plist */,
			);
			path = TFG;
			sourceTree = "<group>";
		};
		7F0668922239212C00705E62 /* TFGTests */ = {
			isa = PBXGroup;
			children = (
				7F0668932239212C00705E62 /* TFGTests.swift */,
				7F0668952239212C00705E62 /* Info.plist */,
			);
			path = TFGTests;
			sourceTree = "<group>";
		};
		7F06689D2239212C00705E62 /* TFGUITests */ = {
			isa = PBXGroup;
			children = (
				7F06689E2239212C00705E62 /* TFGUITests.swift */,
				7F0668A02239212C00705E62 /* Info.plist */,
			);
			path = TFGUITests;
			sourceTree = "<group>";
		};
		7F16DD8A2244F3080070F0D3 /* Objetos */ = {
			isa = PBXGroup;
			children = (
				7F16DD8B2244F32D0070F0D3 /* Usuario.swift */,
				7FF039BD2254B25000C56563 /* Divisa.swift */,
				7FF039DB2254C7F500C56563 /* Rates.swift */,
				7F55F1902271BCA800089427 /* Consultas.swift */,
			);
			path = Objetos;
			sourceTree = "<group>";
		};
		7F73D936228EB0C500C1CF92 /* Recursos */ = {
			isa = PBXGroup;
			children = (
				7F73D937228EB0C500C1CF92 /* img */,
				7F73D941228EB0C500C1CF92 /* JSON */,
				7F73D943228EB0C500C1CF92 /* icon */,
			);
			path = Recursos;
			sourceTree = "<group>";
		};
		7F73D937228EB0C500C1CF92 /* img */ = {
			isa = PBXGroup;
			children = (
				7F73D938228EB0C500C1CF92 /* MiFondoTalesOfPNG.png */,
				7F73D939228EB0C500C1CF92 /* cerdoCoint.png */,
				7F73D93A228EB0C500C1CF92 /* fondoInicio.jpg */,
				7F73D93B228EB0C500C1CF92 /* fondoInicio.pxm */,
				7F73D93C228EB0C500C1CF92 /* botonPlata.png */,
				7F73D93D228EB0C500C1CF92 /* botonPlataAdmin.png */,
				7F73D93E228EB0C500C1CF92 /* fondoC.jpg */,
				7F73D93F228EB0C500C1CF92 /* bucle.png */,
				7F73D940228EB0C500C1CF92 /* Fondo.jpg */,
			);
			path = img;
			sourceTree = "<group>";
		};
		7F73D941228EB0C500C1CF92 /* JSON */ = {
			isa = PBXGroup;
			children = (
				7F73D942228EB0C500C1CF92 /* ChangesBaseUSD.json */,
			);
			path = JSON;
			sourceTree = "<group>";
		};
		7F73D943228EB0C500C1CF92 /* icon */ = {
			isa = PBXGroup;
			children = (
				7F73D944228EB0C500C1CF92 /* botonadd.png */,
				7F73D945228EB0C500C1CF92 /* simbolo-de-resta-r.png */,
				7F73D946228EB0C500C1CF92 /* botonDel.png */,
				7F73D947228EB0C500C1CF92 /* boton-de-suma-g.png */,
			);
			path = icon;
			sourceTree = "<group>";
		};
		7F8A5F47227C426900F3E990 /* Request */ = {
			isa = PBXGroup;
			children = (
				7F8A5F48227C428600F3E990 /* Request.swift */,
				7F8A5F4A227C42DD00F3E990 /* NetworkManager.swift */,
				7F8A5F4C227C66CC00F3E990 /* GenerateSignature.swift */,
			);
			path = Request;
			sourceTree = "<group>";
		};
		7FF039C22254BEA900C56563 /* Controladores */ = {
			isa = PBXGroup;
			children = (
				7FF039C32254BEA900C56563 /* ViewController.swift */,
				7FF039C72254BEA900C56563 /* ContenidoViewController.swift */,
			);
			path = Controladores;
			sourceTree = "<group>";
		};
		7FF039D22254BF4D00C56563 /* Otros */ = {
			isa = PBXGroup;
			children = (
				7FF039D32254BF4D00C56563 /* ConexionDB.swift */,
				7FF039D42254BF4D00C56563 /* Funciones.swift */,
				7FF039D52254BF4D00C56563 /* Constantes.swift */,
				7FF039D62254BF4D00C56563 /* Alertas.swift */,
			);
			path = Otros;
			sourceTree = "<group>";
		};
/* End PBXGroup section */

/* Begin PBXNativeTarget section */
		7F06687A2239212B00705E62 /* TFG */ = {
			isa = PBXNativeTarget;
			buildConfigurationList = 7F0668A32239212C00705E62 /* Build configuration list for PBXNativeTarget "TFG" */;
			buildPhases = (
				001F141130D84AF74BCF2761 /* [CP] Check Pods Manifest.lock */,
				7F0668772239212B00705E62 /* Sources */,
				7F0668782239212B00705E62 /* Frameworks */,
				7F0668792239212B00705E62 /* Resources */,
				7F0AE936225F2E5400CEF780 /* Embed Frameworks */,
				E9A6432D9908F810C16781DB /* [CP] Embed Pods Frameworks */,
				AB01DE1EB0F9A2E5C8F6CA2A /* [CP] Copy Pods Resources */,
			);
			buildRules = (
			);
			dependencies = (
			);
			name = TFG;
			productName = TFG;
			productReference = 7F06687B2239212B00705E62 /* TFG.app */;
			productType = "com.apple.product-type.application";
		};
		7F06688E2239212C00705E62 /* TFGTests */ = {
			isa = PBXNativeTarget;
			buildConfigurationList = 7F0668A62239212C00705E62 /* Build configuration list for PBXNativeTarget "TFGTests" */;
			buildPhases = (
				AE911E6862D7D1B8AA2A0F7D /* [CP] Check Pods Manifest.lock */,
				7F06688B2239212C00705E62 /* Sources */,
				7F06688C2239212C00705E62 /* Frameworks */,
				7F06688D2239212C00705E62 /* Resources */,
			);
			buildRules = (
			);
			dependencies = (
				7F0668912239212C00705E62 /* PBXTargetDependency */,
			);
			name = TFGTests;
			productName = TFGTests;
			productReference = 7F06688F2239212C00705E62 /* TFGTests.xctest */;
			productType = "com.apple.product-type.bundle.unit-test";
		};
		7F0668992239212C00705E62 /* TFGUITests */ = {
			isa = PBXNativeTarget;
			buildConfigurationList = 7F0668A92239212C00705E62 /* Build configuration list for PBXNativeTarget "TFGUITests" */;
			buildPhases = (
				08F41114E38F29085B061B9B /* [CP] Check Pods Manifest.lock */,
				7F0668962239212C00705E62 /* Sources */,
				7F0668972239212C00705E62 /* Frameworks */,
				7F0668982239212C00705E62 /* Resources */,
			);
			buildRules = (
			);
			dependencies = (
				7F06689C2239212C00705E62 /* PBXTargetDependency */,
			);
			name = TFGUITests;
			productName = TFGUITests;
			productReference = 7F06689A2239212C00705E62 /* TFGUITests.xctest */;
			productType = "com.apple.product-type.bundle.ui-testing";
		};
/* End PBXNativeTarget section */

/* Begin PBXProject section */
		7F0668732239212B00705E62 /* Project object */ = {
			isa = PBXProject;
			attributes = {
				LastSwiftUpdateCheck = 1010;
				LastUpgradeCheck = 1010;
				ORGANIZATIONNAME = "Daniel Queraltó Parra";
				TargetAttributes = {
					7F06687A2239212B00705E62 = {
						CreatedOnToolsVersion = 10.1;
						LastSwiftMigration = 1020;
					};
					7F06688E2239212C00705E62 = {
						CreatedOnToolsVersion = 10.1;
						LastSwiftMigration = 1020;
						TestTargetID = 7F06687A2239212B00705E62;
					};
					7F0668992239212C00705E62 = {
						CreatedOnToolsVersion = 10.1;
						LastSwiftMigration = 1020;
						TestTargetID = 7F06687A2239212B00705E62;
					};
				};
			};
			buildConfigurationList = 7F0668762239212B00705E62 /* Build configuration list for PBXProject "TFG" */;
			compatibilityVersion = "Xcode 9.3";
			developmentRegion = en;
			hasScannedForEncodings = 0;
			knownRegions = (
				en,
				Base,
			);
			mainGroup = 7F0668722239212B00705E62;
			productRefGroup = 7F06687C2239212B00705E62 /* Products */;
			projectDirPath = "";
			projectRoot = "";
			targets = (
				7F06687A2239212B00705E62 /* TFG */,
				7F06688E2239212C00705E62 /* TFGTests */,
				7F0668992239212C00705E62 /* TFGUITests */,
			);
		};
/* End PBXProject section */

/* Begin PBXResourcesBuildPhase section */
		7F0668792239212B00705E62 /* Resources */ = {
			isa = PBXResourcesBuildPhase;
			buildActionMask = 2147483647;
			files = (
				7F73D954228EB0C500C1CF92 /* botonDel.png in Resources */,
				7F0668892239212C00705E62 /* LaunchScreen.storyboard in Resources */,
				7F73D949228EB0C500C1CF92 /* cerdoCoint.png in Resources */,
				7F73D950228EB0C500C1CF92 /* Fondo.jpg in Resources */,
				7F73D951228EB0C500C1CF92 /* ChangesBaseUSD.json in Resources */,
				7FC695A52241067A00A4122B /* GoogleService-Info.plist in Resources */,
				7F73D94B228EB0C500C1CF92 /* fondoInicio.pxm in Resources */,
				7F73D948228EB0C500C1CF92 /* MiFondoTalesOfPNG.png in Resources */,
				7F73D94D228EB0C500C1CF92 /* botonPlataAdmin.png in Resources */,
				7F73D94E228EB0C500C1CF92 /* fondoC.jpg in Resources */,
				7F0668862239212C00705E62 /* Assets.xcassets in Resources */,
				7F0668842239212B00705E62 /* Main.storyboard in Resources */,
				7F73D94A228EB0C500C1CF92 /* fondoInicio.jpg in Resources */,
				7F73D952228EB0C500C1CF92 /* botonadd.png in Resources */,
				7F73D94C228EB0C500C1CF92 /* botonPlata.png in Resources */,
				7F73D94F228EB0C500C1CF92 /* bucle.png in Resources */,
				7F73D953228EB0C500C1CF92 /* simbolo-de-resta-r.png in Resources */,
				7F73D955228EB0C500C1CF92 /* boton-de-suma-g.png in Resources */,
			);
			runOnlyForDeploymentPostprocessing = 0;
		};
		7F06688D2239212C00705E62 /* Resources */ = {
			isa = PBXResourcesBuildPhase;
			buildActionMask = 2147483647;
			files = (
			);
			runOnlyForDeploymentPostprocessing = 0;
		};
		7F0668982239212C00705E62 /* Resources */ = {
			isa = PBXResourcesBuildPhase;
			buildActionMask = 2147483647;
			files = (
			);
			runOnlyForDeploymentPostprocessing = 0;
		};
/* End PBXResourcesBuildPhase section */

/* Begin PBXShellScriptBuildPhase section */
		001F141130D84AF74BCF2761 /* [CP] Check Pods Manifest.lock */ = {
			isa = PBXShellScriptBuildPhase;
			buildActionMask = 2147483647;
			files = (
			);
			inputPaths = (
				"${PODS_PODFILE_DIR_PATH}/Podfile.lock",
				"${PODS_ROOT}/Manifest.lock",
			);
			name = "[CP] Check Pods Manifest.lock";
			outputPaths = (
				"$(DERIVED_FILE_DIR)/Pods-TFG-checkManifestLockResult.txt",
			);
			runOnlyForDeploymentPostprocessing = 0;
			shellPath = /bin/sh;
			shellScript = "diff \"${PODS_PODFILE_DIR_PATH}/Podfile.lock\" \"${PODS_ROOT}/Manifest.lock\" > /dev/null\nif [ $? != 0 ] ; then\n    # print error to STDERR\n    echo \"error: The sandbox is not in sync with the Podfile.lock. Run 'pod install' or update your CocoaPods installation.\" >&2\n    exit 1\nfi\n# This output is used by Xcode 'outputs' to avoid re-running this script phase.\necho \"SUCCESS\" > \"${SCRIPT_OUTPUT_FILE_0}\"\n";
			showEnvVarsInLog = 0;
		};
		08F41114E38F29085B061B9B /* [CP] Check Pods Manifest.lock */ = {
			isa = PBXShellScriptBuildPhase;
			buildActionMask = 2147483647;
			files = (
			);
			inputPaths = (
				"${PODS_PODFILE_DIR_PATH}/Podfile.lock",
				"${PODS_ROOT}/Manifest.lock",
			);
			name = "[CP] Check Pods Manifest.lock";
			outputPaths = (
				"$(DERIVED_FILE_DIR)/Pods-TFGUITests-checkManifestLockResult.txt",
			);
			runOnlyForDeploymentPostprocessing = 0;
			shellPath = /bin/sh;
			shellScript = "diff \"${PODS_PODFILE_DIR_PATH}/Podfile.lock\" \"${PODS_ROOT}/Manifest.lock\" > /dev/null\nif [ $? != 0 ] ; then\n    # print error to STDERR\n    echo \"error: The sandbox is not in sync with the Podfile.lock. Run 'pod install' or update your CocoaPods installation.\" >&2\n    exit 1\nfi\n# This output is used by Xcode 'outputs' to avoid re-running this script phase.\necho \"SUCCESS\" > \"${SCRIPT_OUTPUT_FILE_0}\"\n";
			showEnvVarsInLog = 0;
		};
		AB01DE1EB0F9A2E5C8F6CA2A /* [CP] Copy Pods Resources */ = {
			isa = PBXShellScriptBuildPhase;
			buildActionMask = 2147483647;
			files = (
			);
			inputPaths = (
				"${SRCROOT}/Pods/Target Support Files/Pods-TFG/Pods-TFG-resources.sh",
				"${PODS_CONFIGURATION_BUILD_DIR}/FirebaseUI/FirebaseAnonymousAuthUI.bundle",
				"${PODS_CONFIGURATION_BUILD_DIR}/FirebaseUI/FirebaseAuthUI.bundle",
				"${PODS_CONFIGURATION_BUILD_DIR}/FirebaseUI/FirebaseEmailAuthUI.bundle",
				"${PODS_CONFIGURATION_BUILD_DIR}/FirebaseUI/FirebaseFacebookAuthUI.bundle",
				"${PODS_CONFIGURATION_BUILD_DIR}/FirebaseUI/FirebaseGoogleAuthUI.bundle",
				"${PODS_CONFIGURATION_BUILD_DIR}/FirebaseUI/FirebasePhoneAuthUI.bundle",
				"${PODS_CONFIGURATION_BUILD_DIR}/FirebaseUI/FirebaseTwitterAuthUI.bundle",
				"${PODS_ROOT}/GoogleSignIn/Resources/GoogleSignIn.bundle",
				"${PODS_ROOT}/TwitterKit/iOS/TwitterKit.framework/TwitterKitResources.bundle",
			);
			name = "[CP] Copy Pods Resources";
			outputPaths = (
				"${TARGET_BUILD_DIR}/${UNLOCALIZED_RESOURCES_FOLDER_PATH}/FirebaseAnonymousAuthUI.bundle",
				"${TARGET_BUILD_DIR}/${UNLOCALIZED_RESOURCES_FOLDER_PATH}/FirebaseAuthUI.bundle",
				"${TARGET_BUILD_DIR}/${UNLOCALIZED_RESOURCES_FOLDER_PATH}/FirebaseEmailAuthUI.bundle",
				"${TARGET_BUILD_DIR}/${UNLOCALIZED_RESOURCES_FOLDER_PATH}/FirebaseFacebookAuthUI.bundle",
				"${TARGET_BUILD_DIR}/${UNLOCALIZED_RESOURCES_FOLDER_PATH}/FirebaseGoogleAuthUI.bundle",
				"${TARGET_BUILD_DIR}/${UNLOCALIZED_RESOURCES_FOLDER_PATH}/FirebasePhoneAuthUI.bundle",
				"${TARGET_BUILD_DIR}/${UNLOCALIZED_RESOURCES_FOLDER_PATH}/FirebaseTwitterAuthUI.bundle",
				"${TARGET_BUILD_DIR}/${UNLOCALIZED_RESOURCES_FOLDER_PATH}/GoogleSignIn.bundle",
				"${TARGET_BUILD_DIR}/${UNLOCALIZED_RESOURCES_FOLDER_PATH}/TwitterKitResources.bundle",
			);
			runOnlyForDeploymentPostprocessing = 0;
			shellPath = /bin/sh;
			shellScript = "\"${SRCROOT}/Pods/Target Support Files/Pods-TFG/Pods-TFG-resources.sh\"\n";
			showEnvVarsInLog = 0;
		};
		AE911E6862D7D1B8AA2A0F7D /* [CP] Check Pods Manifest.lock */ = {
			isa = PBXShellScriptBuildPhase;
			buildActionMask = 2147483647;
			files = (
			);
			inputPaths = (
				"${PODS_PODFILE_DIR_PATH}/Podfile.lock",
				"${PODS_ROOT}/Manifest.lock",
			);
			name = "[CP] Check Pods Manifest.lock";
			outputPaths = (
				"$(DERIVED_FILE_DIR)/Pods-TFGTests-checkManifestLockResult.txt",
			);
			runOnlyForDeploymentPostprocessing = 0;
			shellPath = /bin/sh;
			shellScript = "diff \"${PODS_PODFILE_DIR_PATH}/Podfile.lock\" \"${PODS_ROOT}/Manifest.lock\" > /dev/null\nif [ $? != 0 ] ; then\n    # print error to STDERR\n    echo \"error: The sandbox is not in sync with the Podfile.lock. Run 'pod install' or update your CocoaPods installation.\" >&2\n    exit 1\nfi\n# This output is used by Xcode 'outputs' to avoid re-running this script phase.\necho \"SUCCESS\" > \"${SCRIPT_OUTPUT_FILE_0}\"\n";
			showEnvVarsInLog = 0;
		};
		E9A6432D9908F810C16781DB /* [CP] Embed Pods Frameworks */ = {
			isa = PBXShellScriptBuildPhase;
			buildActionMask = 2147483647;
			files = (
			);
			inputPaths = (
				"${SRCROOT}/Pods/Target Support Files/Pods-TFG/Pods-TFG-frameworks.sh",
				"${BUILT_PRODUCTS_DIR}/Alamofire/Alamofire.framework",
				"${BUILT_PRODUCTS_DIR}/Bolts/Bolts.framework",
				"${BUILT_PRODUCTS_DIR}/BoringSSL-GRPC/openssl_grpc.framework",
				"${BUILT_PRODUCTS_DIR}/FBSDKCoreKit/FBSDKCoreKit.framework",
				"${BUILT_PRODUCTS_DIR}/FBSDKLoginKit/FBSDKLoginKit.framework",
				"${BUILT_PRODUCTS_DIR}/GTMSessionFetcher/GTMSessionFetcher.framework",
				"${BUILT_PRODUCTS_DIR}/GoogleToolboxForMac/GoogleToolboxForMac.framework",
				"${BUILT_PRODUCTS_DIR}/GoogleUtilities/GoogleUtilities.framework",
				"${BUILT_PRODUCTS_DIR}/Protobuf/Protobuf.framework",
				"${BUILT_PRODUCTS_DIR}/SDWebImage/SDWebImage.framework",
				"${BUILT_PRODUCTS_DIR}/SQLite.swift/SQLite.framework",
				"${PODS_ROOT}/TwitterCore/iOS/TwitterCore.framework",
				"${PODS_ROOT}/TwitterKit/iOS/TwitterKit.framework",
				"${BUILT_PRODUCTS_DIR}/gRPC-C++/grpcpp.framework",
				"${BUILT_PRODUCTS_DIR}/gRPC-Core/grpc.framework",
				"${BUILT_PRODUCTS_DIR}/leveldb-library/leveldb.framework",
				"${BUILT_PRODUCTS_DIR}/nanopb/nanopb.framework",
			);
			name = "[CP] Embed Pods Frameworks";
			outputPaths = (
				"${TARGET_BUILD_DIR}/${FRAMEWORKS_FOLDER_PATH}/Alamofire.framework",
				"${TARGET_BUILD_DIR}/${FRAMEWORKS_FOLDER_PATH}/Bolts.framework",
				"${TARGET_BUILD_DIR}/${FRAMEWORKS_FOLDER_PATH}/openssl_grpc.framework",
				"${TARGET_BUILD_DIR}/${FRAMEWORKS_FOLDER_PATH}/FBSDKCoreKit.framework",
				"${TARGET_BUILD_DIR}/${FRAMEWORKS_FOLDER_PATH}/FBSDKLoginKit.framework",
				"${TARGET_BUILD_DIR}/${FRAMEWORKS_FOLDER_PATH}/GTMSessionFetcher.framework",
				"${TARGET_BUILD_DIR}/${FRAMEWORKS_FOLDER_PATH}/GoogleToolboxForMac.framework",
				"${TARGET_BUILD_DIR}/${FRAMEWORKS_FOLDER_PATH}/GoogleUtilities.framework",
				"${TARGET_BUILD_DIR}/${FRAMEWORKS_FOLDER_PATH}/Protobuf.framework",
				"${TARGET_BUILD_DIR}/${FRAMEWORKS_FOLDER_PATH}/SDWebImage.framework",
				"${TARGET_BUILD_DIR}/${FRAMEWORKS_FOLDER_PATH}/SQLite.framework",
				"${TARGET_BUILD_DIR}/${FRAMEWORKS_FOLDER_PATH}/TwitterCore.framework",
				"${TARGET_BUILD_DIR}/${FRAMEWORKS_FOLDER_PATH}/TwitterKit.framework",
				"${TARGET_BUILD_DIR}/${FRAMEWORKS_FOLDER_PATH}/grpcpp.framework",
				"${TARGET_BUILD_DIR}/${FRAMEWORKS_FOLDER_PATH}/grpc.framework",
				"${TARGET_BUILD_DIR}/${FRAMEWORKS_FOLDER_PATH}/leveldb.framework",
				"${TARGET_BUILD_DIR}/${FRAMEWORKS_FOLDER_PATH}/nanopb.framework",
			);
			runOnlyForDeploymentPostprocessing = 0;
			shellPath = /bin/sh;
			shellScript = "\"${SRCROOT}/Pods/Target Support Files/Pods-TFG/Pods-TFG-frameworks.sh\"\n";
			showEnvVarsInLog = 0;
		};
/* End PBXShellScriptBuildPhase section */

/* Begin PBXSourcesBuildPhase section */
		7F0668772239212B00705E62 /* Sources */ = {
			isa = PBXSourcesBuildPhase;
			buildActionMask = 2147483647;
			files = (
				7FF039DC2254C7F500C56563 /* Rates.swift in Sources */,
				7F8A5F49227C428600F3E990 /* Request.swift in Sources */,
				7FF039D72254BF4D00C56563 /* ConexionDB.swift in Sources */,
				7F8A5F4B227C42DD00F3E990 /* NetworkManager.swift in Sources */,
				7FF039D92254BF4D00C56563 /* Constantes.swift in Sources */,
				7F8A5F4D227C66CC00F3E990 /* GenerateSignature.swift in Sources */,
				7F16DD8C2244F32D0070F0D3 /* Usuario.swift in Sources */,
				7FF039DA2254BF4D00C56563 /* Alertas.swift in Sources */,
				7F55F1912271BCA800089427 /* Consultas.swift in Sources */,
				7FF039CE2254BEA900C56563 /* ContenidoViewController.swift in Sources */,
				7FF039D82254BF4D00C56563 /* Funciones.swift in Sources */,
				7FF039BE2254B25000C56563 /* Divisa.swift in Sources */,
				7F06687F2239212B00705E62 /* AppDelegate.swift in Sources */,
				7FF039CA2254BEA900C56563 /* ViewController.swift in Sources */,
			);
			runOnlyForDeploymentPostprocessing = 0;
		};
		7F06688B2239212C00705E62 /* Sources */ = {
			isa = PBXSourcesBuildPhase;
			buildActionMask = 2147483647;
			files = (
				7F0668942239212C00705E62 /* TFGTests.swift in Sources */,
			);
			runOnlyForDeploymentPostprocessing = 0;
		};
		7F0668962239212C00705E62 /* Sources */ = {
			isa = PBXSourcesBuildPhase;
			buildActionMask = 2147483647;
			files = (
				7F06689F2239212C00705E62 /* TFGUITests.swift in Sources */,
			);
			runOnlyForDeploymentPostprocessing = 0;
		};
/* End PBXSourcesBuildPhase section */

/* Begin PBXTargetDependency section */
		7F0668912239212C00705E62 /* PBXTargetDependency */ = {
			isa = PBXTargetDependency;
			target = 7F06687A2239212B00705E62 /* TFG */;
			targetProxy = 7F0668902239212C00705E62 /* PBXContainerItemProxy */;
		};
		7F06689C2239212C00705E62 /* PBXTargetDependency */ = {
			isa = PBXTargetDependency;
			target = 7F06687A2239212B00705E62 /* TFG */;
			targetProxy = 7F06689B2239212C00705E62 /* PBXContainerItemProxy */;
		};
/* End PBXTargetDependency section */

/* Begin PBXVariantGroup section */
		7F0668822239212B00705E62 /* Main.storyboard */ = {
			isa = PBXVariantGroup;
			children = (
				7F0668832239212B00705E62 /* Base */,
			);
			name = Main.storyboard;
			sourceTree = "<group>";
		};
		7F0668872239212C00705E62 /* LaunchScreen.storyboard */ = {
			isa = PBXVariantGroup;
			children = (
				7F0668882239212C00705E62 /* Base */,
			);
			name = LaunchScreen.storyboard;
			sourceTree = "<group>";
		};
/* End PBXVariantGroup section */

/* Begin XCBuildConfiguration section */
		7F0668A12239212C00705E62 /* Debug */ = {
			isa = XCBuildConfiguration;
			buildSettings = {
				ALWAYS_SEARCH_USER_PATHS = NO;
				CLANG_ANALYZER_NONNULL = YES;
				CLANG_ANALYZER_NUMBER_OBJECT_CONVERSION = YES_AGGRESSIVE;
				CLANG_CXX_LANGUAGE_STANDARD = "gnu++14";
				CLANG_CXX_LIBRARY = "libc++";
				CLANG_ENABLE_MODULES = YES;
				CLANG_ENABLE_OBJC_ARC = YES;
				CLANG_ENABLE_OBJC_WEAK = YES;
				CLANG_WARN_BLOCK_CAPTURE_AUTORELEASING = YES;
				CLANG_WARN_BOOL_CONVERSION = YES;
				CLANG_WARN_COMMA = YES;
				CLANG_WARN_CONSTANT_CONVERSION = YES;
				CLANG_WARN_DEPRECATED_OBJC_IMPLEMENTATIONS = YES;
				CLANG_WARN_DIRECT_OBJC_ISA_USAGE = YES_ERROR;
				CLANG_WARN_DOCUMENTATION_COMMENTS = YES;
				CLANG_WARN_EMPTY_BODY = YES;
				CLANG_WARN_ENUM_CONVERSION = YES;
				CLANG_WARN_INFINITE_RECURSION = YES;
				CLANG_WARN_INT_CONVERSION = YES;
				CLANG_WARN_NON_LITERAL_NULL_CONVERSION = YES;
				CLANG_WARN_OBJC_IMPLICIT_RETAIN_SELF = YES;
				CLANG_WARN_OBJC_LITERAL_CONVERSION = YES;
				CLANG_WARN_OBJC_ROOT_CLASS = YES_ERROR;
				CLANG_WARN_RANGE_LOOP_ANALYSIS = YES;
				CLANG_WARN_STRICT_PROTOTYPES = YES;
				CLANG_WARN_SUSPICIOUS_MOVE = YES;
				CLANG_WARN_UNGUARDED_AVAILABILITY = YES_AGGRESSIVE;
				CLANG_WARN_UNREACHABLE_CODE = YES;
				CLANG_WARN__DUPLICATE_METHOD_MATCH = YES;
				CODE_SIGN_IDENTITY = "iPhone Developer";
				COPY_PHASE_STRIP = NO;
				DEBUG_INFORMATION_FORMAT = dwarf;
				ENABLE_STRICT_OBJC_MSGSEND = YES;
				ENABLE_TESTABILITY = YES;
				GCC_C_LANGUAGE_STANDARD = gnu11;
				GCC_DYNAMIC_NO_PIC = NO;
				GCC_NO_COMMON_BLOCKS = YES;
				GCC_OPTIMIZATION_LEVEL = 0;
				GCC_PREPROCESSOR_DEFINITIONS = (
					"DEBUG=1",
					"$(inherited)",
				);
				GCC_WARN_64_TO_32_BIT_CONVERSION = YES;
				GCC_WARN_ABOUT_RETURN_TYPE = YES_ERROR;
				GCC_WARN_UNDECLARED_SELECTOR = YES;
				GCC_WARN_UNINITIALIZED_AUTOS = YES_AGGRESSIVE;
				GCC_WARN_UNUSED_FUNCTION = YES;
				GCC_WARN_UNUSED_VARIABLE = YES;
				IPHONEOS_DEPLOYMENT_TARGET = 12.1;
				MTL_ENABLE_DEBUG_INFO = INCLUDE_SOURCE;
				MTL_FAST_MATH = YES;
				ONLY_ACTIVE_ARCH = YES;
				SDKROOT = iphoneos;
				SWIFT_ACTIVE_COMPILATION_CONDITIONS = DEBUG;
				SWIFT_OPTIMIZATION_LEVEL = "-Onone";
			};
			name = Debug;
		};
		7F0668A22239212C00705E62 /* Release */ = {
			isa = XCBuildConfiguration;
			buildSettings = {
				ALWAYS_SEARCH_USER_PATHS = NO;
				CLANG_ANALYZER_NONNULL = YES;
				CLANG_ANALYZER_NUMBER_OBJECT_CONVERSION = YES_AGGRESSIVE;
				CLANG_CXX_LANGUAGE_STANDARD = "gnu++14";
				CLANG_CXX_LIBRARY = "libc++";
				CLANG_ENABLE_MODULES = YES;
				CLANG_ENABLE_OBJC_ARC = YES;
				CLANG_ENABLE_OBJC_WEAK = YES;
				CLANG_WARN_BLOCK_CAPTURE_AUTORELEASING = YES;
				CLANG_WARN_BOOL_CONVERSION = YES;
				CLANG_WARN_COMMA = YES;
				CLANG_WARN_CONSTANT_CONVERSION = YES;
				CLANG_WARN_DEPRECATED_OBJC_IMPLEMENTATIONS = YES;
				CLANG_WARN_DIRECT_OBJC_ISA_USAGE = YES_ERROR;
				CLANG_WARN_DOCUMENTATION_COMMENTS = YES;
				CLANG_WARN_EMPTY_BODY = YES;
				CLANG_WARN_ENUM_CONVERSION = YES;
				CLANG_WARN_INFINITE_RECURSION = YES;
				CLANG_WARN_INT_CONVERSION = YES;
				CLANG_WARN_NON_LITERAL_NULL_CONVERSION = YES;
				CLANG_WARN_OBJC_IMPLICIT_RETAIN_SELF = YES;
				CLANG_WARN_OBJC_LITERAL_CONVERSION = YES;
				CLANG_WARN_OBJC_ROOT_CLASS = YES_ERROR;
				CLANG_WARN_RANGE_LOOP_ANALYSIS = YES;
				CLANG_WARN_STRICT_PROTOTYPES = YES;
				CLANG_WARN_SUSPICIOUS_MOVE = YES;
				CLANG_WARN_UNGUARDED_AVAILABILITY = YES_AGGRESSIVE;
				CLANG_WARN_UNREACHABLE_CODE = YES;
				CLANG_WARN__DUPLICATE_METHOD_MATCH = YES;
				CODE_SIGN_IDENTITY = "iPhone Developer";
				COPY_PHASE_STRIP = NO;
				DEBUG_INFORMATION_FORMAT = "dwarf-with-dsym";
				ENABLE_NS_ASSERTIONS = NO;
				ENABLE_STRICT_OBJC_MSGSEND = YES;
				GCC_C_LANGUAGE_STANDARD = gnu11;
				GCC_NO_COMMON_BLOCKS = YES;
				GCC_WARN_64_TO_32_BIT_CONVERSION = YES;
				GCC_WARN_ABOUT_RETURN_TYPE = YES_ERROR;
				GCC_WARN_UNDECLARED_SELECTOR = YES;
				GCC_WARN_UNINITIALIZED_AUTOS = YES_AGGRESSIVE;
				GCC_WARN_UNUSED_FUNCTION = YES;
				GCC_WARN_UNUSED_VARIABLE = YES;
				IPHONEOS_DEPLOYMENT_TARGET = 12.1;
				MTL_ENABLE_DEBUG_INFO = NO;
				MTL_FAST_MATH = YES;
				SDKROOT = iphoneos;
				SWIFT_COMPILATION_MODE = wholemodule;
				SWIFT_OPTIMIZATION_LEVEL = "-O";
				VALIDATE_PRODUCT = YES;
			};
			name = Release;
		};
		7F0668A42239212C00705E62 /* Debug */ = {
			isa = XCBuildConfiguration;
			baseConfigurationReference = B2514E0C84DBC68E9BCD2FC8 /* Pods-TFG.debug.xcconfig */;
			buildSettings = {
				ASSETCATALOG_COMPILER_APPICON_NAME = AppIcon;
				CODE_SIGN_STYLE = Automatic;
				DEVELOPMENT_TEAM = G2N53T53EN;
				ENABLE_BITCODE = YES;
				INFOPLIST_FILE = TFG/Info.plist;
				LD_RUNPATH_SEARCH_PATHS = (
					"$(inherited)",
					"@executable_path/Frameworks",
				);
				LIBRARY_SEARCH_PATHS = (
					"$(inherited)",
					"$(PROJECT_DIR)",
				);
				OTHER_LDFLAGS = (
					"$(inherited)",
					"-ObjC",
					"-l\"c++\"",
					"-l\"sqlite3\"",
					"-l\"z\"",
					"-framework",
					"\"FIRAnalyticsConnector\"",
					"-framework",
					"\"FirebaseAnalytics\"",
					"-framework",
					"\"FirebaseAuth\"",
					"-framework",
					"\"FirebaseCore\"",
					"-framework",
					"\"FirebaseCoreDiagnostics\"",
					"-framework",
					"\"FirebaseInstanceID\"",
					"-framework",
					"\"Foundation\"",
					"-framework",
					"\"GTMSessionFetcher\"",
					"-framework",
					"\"GoogleAppMeasurement\"",
					"-framework",
					"\"GoogleUtilities\"",
					"-framework",
					"\"SafariServices\"",
					"-framework",
					"\"Security\"",
					"-framework",
					"\"StoreKit\"",
					"-framework",
					"\"nanopb\"",
				);
				PRODUCT_BUNDLE_IDENTIFIER = dqp.TFG;
				PRODUCT_NAME = "$(TARGET_NAME)";
				SWIFT_VERSION = 5.0;
				TARGETED_DEVICE_FAMILY = 1;
			};
			name = Debug;
		};
		7F0668A52239212C00705E62 /* Release */ = {
			isa = XCBuildConfiguration;
			baseConfigurationReference = 0029425451F6A2C3F99698BA /* Pods-TFG.release.xcconfig */;
			buildSettings = {
				ASSETCATALOG_COMPILER_APPICON_NAME = AppIcon;
				CODE_SIGN_STYLE = Automatic;
				DEVELOPMENT_TEAM = G2N53T53EN;
				ENABLE_BITCODE = YES;
				INFOPLIST_FILE = TFG/Info.plist;
				LD_RUNPATH_SEARCH_PATHS = (
					"$(inherited)",
					"@executable_path/Frameworks",
				);
				LIBRARY_SEARCH_PATHS = (
					"$(inherited)",
					"$(PROJECT_DIR)",
				);
				OTHER_LDFLAGS = (
					"$(inherited)",
					"-ObjC",
					"-l\"c++\"",
					"-l\"sqlite3\"",
					"-l\"z\"",
					"-framework",
					"\"FIRAnalyticsConnector\"",
					"-framework",
					"\"FirebaseAnalytics\"",
					"-framework",
					"\"FirebaseAuth\"",
					"-framework",
					"\"FirebaseCore\"",
					"-framework",
					"\"FirebaseCoreDiagnostics\"",
					"-framework",
					"\"FirebaseInstanceID\"",
					"-framework",
					"\"Foundation\"",
					"-framework",
					"\"GTMSessionFetcher\"",
					"-framework",
					"\"GoogleAppMeasurement\"",
					"-framework",
					"\"GoogleUtilities\"",
					"-framework",
					"\"SafariServices\"",
					"-framework",
					"\"Security\"",
					"-framework",
					"\"StoreKit\"",
					"-framework",
					"\"nanopb\"",
				);
				PRODUCT_BUNDLE_IDENTIFIER = dqp.TFG;
				PRODUCT_NAME = "$(TARGET_NAME)";
				SWIFT_VERSION = 5.0;
				TARGETED_DEVICE_FAMILY = 1;
			};
			name = Release;
		};
		7F0668A72239212C00705E62 /* Debug */ = {
			isa = XCBuildConfiguration;
			baseConfigurationReference = 7C7E5281BD6EB85C1AD60867 /* Pods-TFGTests.debug.xcconfig */;
			buildSettings = {
				ALWAYS_EMBED_SWIFT_STANDARD_LIBRARIES = YES;
				BUNDLE_LOADER = "$(TEST_HOST)";
				CODE_SIGN_STYLE = Automatic;
				DEVELOPMENT_TEAM = G2N53T53EN;
				INFOPLIST_FILE = TFGTests/Info.plist;
				LD_RUNPATH_SEARCH_PATHS = (
					"$(inherited)",
					"@executable_path/Frameworks",
					"@loader_path/Frameworks",
				);
				PRODUCT_BUNDLE_IDENTIFIER = dqp.TFGTests;
				PRODUCT_NAME = "$(TARGET_NAME)";
				SWIFT_VERSION = 5.0;
				TARGETED_DEVICE_FAMILY = "1,2";
				TEST_HOST = "$(BUILT_PRODUCTS_DIR)/TFG.app/TFG";
			};
			name = Debug;
		};
		7F0668A82239212C00705E62 /* Release */ = {
			isa = XCBuildConfiguration;
			baseConfigurationReference = 24854201E37C4C7E224AF4FB /* Pods-TFGTests.release.xcconfig */;
			buildSettings = {
				ALWAYS_EMBED_SWIFT_STANDARD_LIBRARIES = YES;
				BUNDLE_LOADER = "$(TEST_HOST)";
				CODE_SIGN_STYLE = Automatic;
				DEVELOPMENT_TEAM = G2N53T53EN;
				INFOPLIST_FILE = TFGTests/Info.plist;
				LD_RUNPATH_SEARCH_PATHS = (
					"$(inherited)",
					"@executable_path/Frameworks",
					"@loader_path/Frameworks",
				);
				PRODUCT_BUNDLE_IDENTIFIER = dqp.TFGTests;
				PRODUCT_NAME = "$(TARGET_NAME)";
				SWIFT_VERSION = 5.0;
				TARGETED_DEVICE_FAMILY = "1,2";
				TEST_HOST = "$(BUILT_PRODUCTS_DIR)/TFG.app/TFG";
			};
			name = Release;
		};
		7F0668AA2239212C00705E62 /* Debug */ = {
			isa = XCBuildConfiguration;
			baseConfigurationReference = EA6659A8B584FEF9B6565160 /* Pods-TFGUITests.debug.xcconfig */;
			buildSettings = {
				ALWAYS_EMBED_SWIFT_STANDARD_LIBRARIES = YES;
				CODE_SIGN_STYLE = Automatic;
				DEVELOPMENT_TEAM = G2N53T53EN;
				INFOPLIST_FILE = TFGUITests/Info.plist;
				LD_RUNPATH_SEARCH_PATHS = (
					"$(inherited)",
					"@executable_path/Frameworks",
					"@loader_path/Frameworks",
				);
				PRODUCT_BUNDLE_IDENTIFIER = dqp.TFGUITests;
				PRODUCT_NAME = "$(TARGET_NAME)";
				SWIFT_VERSION = 5.0;
				TARGETED_DEVICE_FAMILY = "1,2";
				TEST_TARGET_NAME = TFG;
			};
			name = Debug;
		};
		7F0668AB2239212C00705E62 /* Release */ = {
			isa = XCBuildConfiguration;
			baseConfigurationReference = FC8F4CF8D0FD8007CC7D2B28 /* Pods-TFGUITests.release.xcconfig */;
			buildSettings = {
				ALWAYS_EMBED_SWIFT_STANDARD_LIBRARIES = YES;
				CODE_SIGN_STYLE = Automatic;
				DEVELOPMENT_TEAM = G2N53T53EN;
				INFOPLIST_FILE = TFGUITests/Info.plist;
				LD_RUNPATH_SEARCH_PATHS = (
					"$(inherited)",
					"@executable_path/Frameworks",
					"@loader_path/Frameworks",
				);
				PRODUCT_BUNDLE_IDENTIFIER = dqp.TFGUITests;
				PRODUCT_NAME = "$(TARGET_NAME)";
				SWIFT_VERSION = 5.0;
				TARGETED_DEVICE_FAMILY = "1,2";
				TEST_TARGET_NAME = TFG;
			};
			name = Release;
		};
/* End XCBuildConfiguration section */

/* Begin XCConfigurationList section */
		7F0668762239212B00705E62 /* Build configuration list for PBXProject "TFG" */ = {
			isa = XCConfigurationList;
			buildConfigurations = (
				7F0668A12239212C00705E62 /* Debug */,
				7F0668A22239212C00705E62 /* Release */,
			);
			defaultConfigurationIsVisible = 0;
			defaultConfigurationName = Release;
		};
		7F0668A32239212C00705E62 /* Build configuration list for PBXNativeTarget "TFG" */ = {
			isa = XCConfigurationList;
			buildConfigurations = (
				7F0668A42239212C00705E62 /* Debug */,
				7F0668A52239212C00705E62 /* Release */,
			);
			defaultConfigurationIsVisible = 0;
			defaultConfigurationName = Release;
		};
		7F0668A62239212C00705E62 /* Build configuration list for PBXNativeTarget "TFGTests" */ = {
			isa = XCConfigurationList;
			buildConfigurations = (
				7F0668A72239212C00705E62 /* Debug */,
				7F0668A82239212C00705E62 /* Release */,
			);
			defaultConfigurationIsVisible = 0;
			defaultConfigurationName = Release;
		};
		7F0668A92239212C00705E62 /* Build configuration list for PBXNativeTarget "TFGUITests" */ = {
			isa = XCConfigurationList;
			buildConfigurations = (
				7F0668AA2239212C00705E62 /* Debug */,
				7F0668AB2239212C00705E62 /* Release */,
			);
			defaultConfigurationIsVisible = 0;
			defaultConfigurationName = Release;
		};
/* End XCConfigurationList section */
	};
	rootObject = 7F0668732239212B00705E62 /* Project object */;
}
